
Microsoft Visual Studio Solution File, Format Version 12.00
# Visual Studio Version 17
VisualStudioVersion = 17.0.31903.59
MinimumVisualStudioVersion = 10.0.40219.1
Project("{FAE04EC0-301F-11D3-BF4B-00C04F79EFBC}") = "Azure.Developer.Playwright", "src\Azure.Developer.Playwright.csproj", "{F10A93E7-41D3-4557-AB3B-3F8FB8BC8542}"
EndProject
Project("{FAE04EC0-301F-11D3-BF4B-00C04F79EFBC}") = "Azure.Developer.Playwright.Tests", "tests\Azure.Developer.Playwright.Tests.csproj", "{1D00EEEE-5836-4568-8CBB-EFED98207F50}"
EndProject
Global
	GlobalSection(SolutionConfigurationPlatforms) = preSolution
		Debug|Any CPU = Debug|Any CPU
		Debug|x64 = Debug|x64
		Debug|x86 = Debug|x86
		Release|Any CPU = Release|Any CPU
		Release|x64 = Release|x64
		Release|x86 = Release|x86
	EndGlobalSection
	GlobalSection(ProjectConfigurationPlatforms) = postSolution
		{F10A93E7-41D3-4557-AB3B-3F8FB8BC8542}.Debug|Any CPU.ActiveCfg = Debug|Any CPU
		{F10A93E7-41D3-4557-AB3B-3F8FB8BC8542}.Debug|Any CPU.Build.0 = Debug|Any CPU
		{F10A93E7-41D3-4557-AB3B-3F8FB8BC8542}.Debug|x64.ActiveCfg = Debug|Any CPU
		{F10A93E7-41D3-4557-AB3B-3F8FB8BC8542}.Debug|x64.Build.0 = Debug|Any CPU
		{F10A93E7-41D3-4557-AB3B-3F8FB8BC8542}.Debug|x86.ActiveCfg = Debug|Any CPU
		{F10A93E7-41D3-4557-AB3B-3F8FB8BC8542}.Debug|x86.Build.0 = Debug|Any CPU
		{F10A93E7-41D3-4557-AB3B-3F8FB8BC8542}.Release|Any CPU.ActiveCfg = Release|Any CPU
		{F10A93E7-41D3-4557-AB3B-3F8FB8BC8542}.Release|Any CPU.Build.0 = Release|Any CPU
		{F10A93E7-41D3-4557-AB3B-3F8FB8BC8542}.Release|x64.ActiveCfg = Release|Any CPU
		{F10A93E7-41D3-4557-AB3B-3F8FB8BC8542}.Release|x64.Build.0 = Release|Any CPU
		{F10A93E7-41D3-4557-AB3B-3F8FB8BC8542}.Release|x86.ActiveCfg = Release|Any CPU
		{F10A93E7-41D3-4557-AB3B-3F8FB8BC8542}.Release|x86.Build.0 = Release|Any CPU
		{1D00EEEE-5836-4568-8CBB-EFED98207F50}.Debug|Any CPU.ActiveCfg = Debug|Any CPU
		{1D00EEEE-5836-4568-8CBB-EFED98207F50}.Debug|Any CPU.Build.0 = Debug|Any CPU
		{1D00EEEE-5836-4568-8CBB-EFED98207F50}.Debug|x64.ActiveCfg = Debug|Any CPU
		{1D00EEEE-5836-4568-8CBB-EFED98207F50}.Debug|x64.Build.0 = Debug|Any CPU
		{1D00EEEE-5836-4568-8CBB-EFED98207F50}.Debug|x86.ActiveCfg = Debug|Any CPU
		{1D00EEEE-5836-4568-8CBB-EFED98207F50}.Debug|x86.Build.0 = Debug|Any CPU
		{1D00EEEE-5836-4568-8CBB-EFED98207F50}.Release|Any CPU.ActiveCfg = Release|Any CPU
		{1D00EEEE-5836-4568-8CBB-EFED98207F50}.Release|Any CPU.Build.0 = Release|Any CPU
		{1D00EEEE-5836-4568-8CBB-EFED98207F50}.Release|x64.ActiveCfg = Release|Any CPU
		{1D00EEEE-5836-4568-8CBB-EFED98207F50}.Release|x64.Build.0 = Release|Any CPU
		{1D00EEEE-5836-4568-8CBB-EFED98207F50}.Release|x86.ActiveCfg = Release|Any CPU
		{1D00EEEE-5836-4568-8CBB-EFED98207F50}.Release|x86.Build.0 = Release|Any CPU
	EndGlobalSection
	GlobalSection(SolutionProperties) = preSolution
		HideSolutionNode = FALSE
	EndGlobalSection
EndGlobal
