
Microsoft Visual Studio Solution File, Format Version 12.00
# Visual Studio Version 16
VisualStudioVersion = 16.0.30309.148
MinimumVisualStudioVersion = 10.0.40219.1
Project("{717BC2C5-8F39-4B8A-94E0-1679A56A5C28}") = "Azure.ResourceManager.ServiceNetworking.TrafficController", "src\Azure.ResourceManager.ServiceNetworking.TrafficController.csproj", "{D38ECE62-AA59-4461-AF03-03C701B6A0C3}"
EndProject
Project("{717BC2C5-8F39-4B8A-94E0-1679A56A5C28}") = "Azure.ResourceManager.ServiceNetworking.TrafficController.Tests", "tests\Azure.ResourceManager.ServiceNetworking.TrafficController.Tests.csproj", "{B1307CBC-494E-41FB-8A41-619B23A7F9A2}"
EndProject
Global
	GlobalSection(SolutionProperties) = preSolution
		HideSolutionNode = FALSE
	EndGlobalSection
	GlobalSection(ExtensibilityGlobals) = postSolution
		SolutionGuid = {7B122D7B-95FD-4154-953E-E276BC20A201}
	EndGlobalSection
	GlobalSection(SolutionConfigurationPlatforms) = preSolution
		Debug|Any CPU = Debug|Any CPU
		Debug|x64 = Debug|x64
		Debug|x86 = Debug|x86
		Release|Any CPU = Release|Any CPU
		Release|x64 = Release|x64
		Release|x86 = Release|x86
	EndGlobalSection
	GlobalSection(ProjectConfigurationPlatforms) = postSolution
		{D38ECE62-AA59-4461-AF03-03C701B6A0C3}.Debug|Any CPU.ActiveCfg = Debug|Any CPU
		{D38ECE62-AA59-4461-AF03-03C701B6A0C3}.Debug|Any CPU.Build.0 = Debug|Any CPU
		{D38ECE62-AA59-4461-AF03-03C701B6A0C3}.Debug|x64.ActiveCfg = Debug|Any CPU
		{D38ECE62-AA59-4461-AF03-03C701B6A0C3}.Debug|x64.Build.0 = Debug|Any CPU
		{D38ECE62-AA59-4461-AF03-03C701B6A0C3}.Debug|x86.ActiveCfg = Debug|Any CPU
		{D38ECE62-AA59-4461-AF03-03C701B6A0C3}.Debug|x86.Build.0 = Debug|Any CPU
		{D38ECE62-AA59-4461-AF03-03C701B6A0C3}.Release|Any CPU.ActiveCfg = Release|Any CPU
		{D38ECE62-AA59-4461-AF03-03C701B6A0C3}.Release|Any CPU.Build.0 = Release|Any CPU
		{D38ECE62-AA59-4461-AF03-03C701B6A0C3}.Release|x64.ActiveCfg = Release|Any CPU
		{D38ECE62-AA59-4461-AF03-03C701B6A0C3}.Release|x64.Build.0 = Release|Any CPU
		{D38ECE62-AA59-4461-AF03-03C701B6A0C3}.Release|x86.ActiveCfg = Release|Any CPU
		{D38ECE62-AA59-4461-AF03-03C701B6A0C3}.Release|x86.Build.0 = Release|Any CPU
		{B1307CBC-494E-41FB-8A41-619B23A7F9A2}.Debug|Any CPU.ActiveCfg = Debug|Any CPU
		{B1307CBC-494E-41FB-8A41-619B23A7F9A2}.Debug|Any CPU.Build.0 = Debug|Any CPU
		{B1307CBC-494E-41FB-8A41-619B23A7F9A2}.Debug|x64.ActiveCfg = Debug|Any CPU
		{B1307CBC-494E-41FB-8A41-619B23A7F9A2}.Debug|x64.Build.0 = Debug|Any CPU
		{B1307CBC-494E-41FB-8A41-619B23A7F9A2}.Debug|x86.ActiveCfg = Debug|Any CPU
		{B1307CBC-494E-41FB-8A41-619B23A7F9A2}.Debug|x86.Build.0 = Debug|Any CPU
		{B1307CBC-494E-41FB-8A41-619B23A7F9A2}.Release|Any CPU.ActiveCfg = Release|Any CPU
		{B1307CBC-494E-41FB-8A41-619B23A7F9A2}.Release|Any CPU.Build.0 = Release|Any CPU
		{B1307CBC-494E-41FB-8A41-619B23A7F9A2}.Release|x64.ActiveCfg = Release|Any CPU
		{B1307CBC-494E-41FB-8A41-619B23A7F9A2}.Release|x64.Build.0 = Release|Any CPU
		{B1307CBC-494E-41FB-8A41-619B23A7F9A2}.Release|x86.ActiveCfg = Release|Any CPU
		{B1307CBC-494E-41FB-8A41-619B23A7F9A2}.Release|x86.Build.0 = Release|Any CPU
	EndGlobalSection
EndGlobal
