
Microsoft Visual Studio Solution File, Format Version 12.00
# Visual Studio Version 17
VisualStudioVersion = 17.6.33723.286
MinimumVisualStudioVersion = 10.0.40219.1
Project("{9A19103F-16F7-4668-BE54-9A1E7A4F7556}") = "Azure.ResourceManager.ServiceFabricManagedClusters", "src\Azure.ResourceManager.ServiceFabricManagedClusters.csproj", "{22084434-D278-41FE-AB25-93D206C1C771}"
EndProject
Project("{9A19103F-16F7-4668-BE54-9A1E7A4F7556}") = "Azure.ResourceManager.ServiceFabricManagedClusters.Tests", "tests\Azure.ResourceManager.ServiceFabricManagedClusters.Tests.csproj", "{997F4467-AD51-41FF-A43E-B67644DEF4EC}"
EndProject
Global
	GlobalSection(SolutionConfigurationPlatforms) = preSolution
		Debug|Any CPU = Debug|Any CPU
		Debug|x64 = Debug|x64
		Debug|x86 = Debug|x86
		Release|Any CPU = Release|Any CPU
		Release|x64 = Release|x64
		Release|x86 = Release|x86
	EndGlobalSection
	GlobalSection(ProjectConfigurationPlatforms) = postSolution
		{22084434-D278-41FE-AB25-93D206C1C771}.Debug|Any CPU.ActiveCfg = Debug|Any CPU
		{22084434-D278-41FE-AB25-93D206C1C771}.Debug|Any CPU.Build.0 = Debug|Any CPU
		{22084434-D278-41FE-AB25-93D206C1C771}.Debug|x64.ActiveCfg = Debug|Any CPU
		{22084434-D278-41FE-AB25-93D206C1C771}.Debug|x64.Build.0 = Debug|Any CPU
		{22084434-D278-41FE-AB25-93D206C1C771}.Debug|x86.ActiveCfg = Debug|Any CPU
		{22084434-D278-41FE-AB25-93D206C1C771}.Debug|x86.Build.0 = Debug|Any CPU
		{22084434-D278-41FE-AB25-93D206C1C771}.Release|Any CPU.ActiveCfg = Release|Any CPU
		{22084434-D278-41FE-AB25-93D206C1C771}.Release|Any CPU.Build.0 = Release|Any CPU
		{22084434-D278-41FE-AB25-93D206C1C771}.Release|x64.ActiveCfg = Release|Any CPU
		{22084434-D278-41FE-AB25-93D206C1C771}.Release|x64.Build.0 = Release|Any CPU
		{22084434-D278-41FE-AB25-93D206C1C771}.Release|x86.ActiveCfg = Release|Any CPU
		{22084434-D278-41FE-AB25-93D206C1C771}.Release|x86.Build.0 = Release|Any CPU
		{997F4467-AD51-41FF-A43E-B67644DEF4EC}.Debug|Any CPU.ActiveCfg = Debug|Any CPU
		{997F4467-AD51-41FF-A43E-B67644DEF4EC}.Debug|Any CPU.Build.0 = Debug|Any CPU
		{997F4467-AD51-41FF-A43E-B67644DEF4EC}.Debug|x64.ActiveCfg = Debug|Any CPU
		{997F4467-AD51-41FF-A43E-B67644DEF4EC}.Debug|x64.Build.0 = Debug|Any CPU
		{997F4467-AD51-41FF-A43E-B67644DEF4EC}.Debug|x86.ActiveCfg = Debug|Any CPU
		{997F4467-AD51-41FF-A43E-B67644DEF4EC}.Debug|x86.Build.0 = Debug|Any CPU
		{997F4467-AD51-41FF-A43E-B67644DEF4EC}.Release|Any CPU.ActiveCfg = Release|Any CPU
		{997F4467-AD51-41FF-A43E-B67644DEF4EC}.Release|Any CPU.Build.0 = Release|Any CPU
		{997F4467-AD51-41FF-A43E-B67644DEF4EC}.Release|x64.ActiveCfg = Release|Any CPU
		{997F4467-AD51-41FF-A43E-B67644DEF4EC}.Release|x64.Build.0 = Release|Any CPU
		{997F4467-AD51-41FF-A43E-B67644DEF4EC}.Release|x86.ActiveCfg = Release|Any CPU
		{997F4467-AD51-41FF-A43E-B67644DEF4EC}.Release|x86.Build.0 = Release|Any CPU
	EndGlobalSection
	GlobalSection(SolutionProperties) = preSolution
		HideSolutionNode = FALSE
	EndGlobalSection
	GlobalSection(ExtensibilityGlobals) = postSolution
		SolutionGuid = {9493D383-55E3-4A22-BC03-8309B02444AA}
	EndGlobalSection
EndGlobal
