
Microsoft Visual Studio Solution File, Format Version 12.00
# Visual Studio Version 16
VisualStudioVersion = 16.0.30309.148
MinimumVisualStudioVersion = 10.0.40219.1
Project("{9DF63D78-1A0A-48A5-90DB-67203B6BEC9A}") = "Azure.ResourceManager.CarbonOptimization", "src\Azure.ResourceManager.CarbonOptimization.csproj", "{025738FE-F382-47AA-910C-AEDB54A67E2C}"
EndProject
Project("{9DF63D78-1A0A-48A5-90DB-67203B6BEC9A}") = "Azure.ResourceManager.CarbonOptimization.Tests", "tests\Azure.ResourceManager.CarbonOptimization.Tests.csproj", "{CD514E39-C561-453D-AD75-1E9AE1D7A8C3}"
EndProject
Global
	GlobalSection(SolutionProperties) = preSolution
		HideSolutionNode = FALSE
	EndGlobalSection
	GlobalSection(ExtensibilityGlobals) = postSolution
		SolutionGuid = {F1AB931B-385A-400C-A09C-503030516094}
	EndGlobalSection
	GlobalSection(SolutionConfigurationPlatforms) = preSolution
		Debug|Any CPU = Debug|Any CPU
		Debug|x64 = Debug|x64
		Debug|x86 = Debug|x86
		Release|Any CPU = Release|Any CPU
		Release|x64 = Release|x64
		Release|x86 = Release|x86
	EndGlobalSection
	GlobalSection(ProjectConfigurationPlatforms) = postSolution
		{025738FE-F382-47AA-910C-AEDB54A67E2C}.Debug|Any CPU.ActiveCfg = Debug|Any CPU
		{025738FE-F382-47AA-910C-AEDB54A67E2C}.Debug|Any CPU.Build.0 = Debug|Any CPU
		{025738FE-F382-47AA-910C-AEDB54A67E2C}.Debug|x64.ActiveCfg = Debug|Any CPU
		{025738FE-F382-47AA-910C-AEDB54A67E2C}.Debug|x64.Build.0 = Debug|Any CPU
		{025738FE-F382-47AA-910C-AEDB54A67E2C}.Debug|x86.ActiveCfg = Debug|Any CPU
		{025738FE-F382-47AA-910C-AEDB54A67E2C}.Debug|x86.Build.0 = Debug|Any CPU
		{025738FE-F382-47AA-910C-AEDB54A67E2C}.Release|Any CPU.ActiveCfg = Release|Any CPU
		{025738FE-F382-47AA-910C-AEDB54A67E2C}.Release|Any CPU.Build.0 = Release|Any CPU
		{025738FE-F382-47AA-910C-AEDB54A67E2C}.Release|x64.ActiveCfg = Release|Any CPU
		{025738FE-F382-47AA-910C-AEDB54A67E2C}.Release|x64.Build.0 = Release|Any CPU
		{025738FE-F382-47AA-910C-AEDB54A67E2C}.Release|x86.ActiveCfg = Release|Any CPU
		{025738FE-F382-47AA-910C-AEDB54A67E2C}.Release|x86.Build.0 = Release|Any CPU
		{CD514E39-C561-453D-AD75-1E9AE1D7A8C3}.Debug|Any CPU.ActiveCfg = Debug|Any CPU
		{CD514E39-C561-453D-AD75-1E9AE1D7A8C3}.Debug|Any CPU.Build.0 = Debug|Any CPU
		{CD514E39-C561-453D-AD75-1E9AE1D7A8C3}.Debug|x64.ActiveCfg = Debug|Any CPU
		{CD514E39-C561-453D-AD75-1E9AE1D7A8C3}.Debug|x64.Build.0 = Debug|Any CPU
		{CD514E39-C561-453D-AD75-1E9AE1D7A8C3}.Debug|x86.ActiveCfg = Debug|Any CPU
		{CD514E39-C561-453D-AD75-1E9AE1D7A8C3}.Debug|x86.Build.0 = Debug|Any CPU
		{CD514E39-C561-453D-AD75-1E9AE1D7A8C3}.Release|Any CPU.ActiveCfg = Release|Any CPU
		{CD514E39-C561-453D-AD75-1E9AE1D7A8C3}.Release|Any CPU.Build.0 = Release|Any CPU
		{CD514E39-C561-453D-AD75-1E9AE1D7A8C3}.Release|x64.ActiveCfg = Release|Any CPU
		{CD514E39-C561-453D-AD75-1E9AE1D7A8C3}.Release|x64.Build.0 = Release|Any CPU
		{CD514E39-C561-453D-AD75-1E9AE1D7A8C3}.Release|x86.ActiveCfg = Release|Any CPU
		{CD514E39-C561-453D-AD75-1E9AE1D7A8C3}.Release|x86.Build.0 = Release|Any CPU
		{2AB3C72B-DE06-442A-942A-4D45C8300B3B}.Debug|Any CPU.ActiveCfg = Debug|Any CPU
		{2AB3C72B-DE06-442A-942A-4D45C8300B3B}.Debug|Any CPU.Build.0 = Debug|Any CPU
		{2AB3C72B-DE06-442A-942A-4D45C8300B3B}.Debug|x64.ActiveCfg = Debug|Any CPU
		{2AB3C72B-DE06-442A-942A-4D45C8300B3B}.Debug|x64.Build.0 = Debug|Any CPU
		{2AB3C72B-DE06-442A-942A-4D45C8300B3B}.Debug|x86.ActiveCfg = Debug|Any CPU
		{2AB3C72B-DE06-442A-942A-4D45C8300B3B}.Debug|x86.Build.0 = Debug|Any CPU
		{2AB3C72B-DE06-442A-942A-4D45C8300B3B}.Release|Any CPU.ActiveCfg = Release|Any CPU
		{2AB3C72B-DE06-442A-942A-4D45C8300B3B}.Release|Any CPU.Build.0 = Release|Any CPU
		{2AB3C72B-DE06-442A-942A-4D45C8300B3B}.Release|x64.ActiveCfg = Release|Any CPU
		{2AB3C72B-DE06-442A-942A-4D45C8300B3B}.Release|x64.Build.0 = Release|Any CPU
		{2AB3C72B-DE06-442A-942A-4D45C8300B3B}.Release|x86.ActiveCfg = Release|Any CPU
		{2AB3C72B-DE06-442A-942A-4D45C8300B3B}.Release|x86.Build.0 = Release|Any CPU
	EndGlobalSection
EndGlobal
