
Microsoft Visual Studio Solution File, Format Version 12.00
# Visual Studio Version 16
VisualStudioVersion = 16.0.29613.14
MinimumVisualStudioVersion = 10.0.40219.1
Project("{FAE04EC0-301F-11D3-BF4B-00C04F79EFBC}") = "Azure.AI.FormRecognizer", "Azure.AI.FormRecognizer.csproj", "{3C2CF960-BF7F-44D2-AB3A-A2103A84888A}"
EndProject
Global
	GlobalSection(SolutionConfigurationPlatforms) = preSolution
		Debug|Any CPU = Debug|Any CPU
		Release|Any CPU = Release|Any CPU
	EndGlobalSection
	GlobalSection(ProjectConfigurationPlatforms) = postSolution
		{3C2CF960-BF7F-44D2-AB3A-A2103A84888A}.Debug|Any CPU.ActiveCfg = Debug|Any CPU
		{3C2CF960-BF7F-44D2-AB3A-A2103A84888A}.Debug|Any CPU.Build.0 = Debug|Any CPU
		{3C2CF960-BF7F-44D2-AB3A-A2103A84888A}.Release|Any CPU.ActiveCfg = Release|Any CPU
		{3C2CF960-BF7F-44D2-AB3A-A2103A84888A}.Release|Any CPU.Build.0 = Release|Any CPU
	EndGlobalSection
	GlobalSection(SolutionProperties) = preSolution
		HideSolutionNode = FALSE
	EndGlobalSection
	GlobalSection(ExtensibilityGlobals) = postSolution
		SolutionGuid = {FD77A33F-561B-40E2-BE79-BC1532126EE3}
	EndGlobalSection
EndGlobal
