
Microsoft Visual Studio Solution File, Format Version 12.00
# Visual Studio Version 17
VisualStudioVersion = 17.5.33530.505
MinimumVisualStudioVersion = 10.0.40219.1
Project("{9A19103F-16F7-4668-BE54-9A1E7A4F7556}") = "Azure.ResourceManager.Nginx", "src\Azure.ResourceManager.Nginx.csproj", "{9C5CCCC2-18F0-4E96-A304-AC24E2F8CD7A}"
EndProject
Project("{9A19103F-16F7-4668-BE54-9A1E7A4F7556}") = "Azure.ResourceManager.Nginx.Tests", "tests\Azure.ResourceManager.Nginx.Tests.csproj", "{DDA57F70-239C-4235-A16D-154B858E34CB}"
EndProject
Global
	GlobalSection(SolutionConfigurationPlatforms) = preSolution
		Debug|Any CPU = Debug|Any CPU
		Debug|x64 = Debug|x64
		Debug|x86 = Debug|x86
		Release|Any CPU = Release|Any CPU
		Release|x64 = Release|x64
		Release|x86 = Release|x86
	EndGlobalSection
	GlobalSection(ProjectConfigurationPlatforms) = postSolution
		{9C5CCCC2-18F0-4E96-A304-AC24E2F8CD7A}.Debug|Any CPU.ActiveCfg = Debug|Any CPU
		{9C5CCCC2-18F0-4E96-A304-AC24E2F8CD7A}.Debug|Any CPU.Build.0 = Debug|Any CPU
		{9C5CCCC2-18F0-4E96-A304-AC24E2F8CD7A}.Debug|x64.ActiveCfg = Debug|Any CPU
		{9C5CCCC2-18F0-4E96-A304-AC24E2F8CD7A}.Debug|x64.Build.0 = Debug|Any CPU
		{9C5CCCC2-18F0-4E96-A304-AC24E2F8CD7A}.Debug|x86.ActiveCfg = Debug|Any CPU
		{9C5CCCC2-18F0-4E96-A304-AC24E2F8CD7A}.Debug|x86.Build.0 = Debug|Any CPU
		{9C5CCCC2-18F0-4E96-A304-AC24E2F8CD7A}.Release|Any CPU.ActiveCfg = Release|Any CPU
		{9C5CCCC2-18F0-4E96-A304-AC24E2F8CD7A}.Release|Any CPU.Build.0 = Release|Any CPU
		{9C5CCCC2-18F0-4E96-A304-AC24E2F8CD7A}.Release|x64.ActiveCfg = Release|Any CPU
		{9C5CCCC2-18F0-4E96-A304-AC24E2F8CD7A}.Release|x64.Build.0 = Release|Any CPU
		{9C5CCCC2-18F0-4E96-A304-AC24E2F8CD7A}.Release|x86.ActiveCfg = Release|Any CPU
		{9C5CCCC2-18F0-4E96-A304-AC24E2F8CD7A}.Release|x86.Build.0 = Release|Any CPU
		{DDA57F70-239C-4235-A16D-154B858E34CB}.Debug|Any CPU.ActiveCfg = Debug|Any CPU
		{DDA57F70-239C-4235-A16D-154B858E34CB}.Debug|Any CPU.Build.0 = Debug|Any CPU
		{DDA57F70-239C-4235-A16D-154B858E34CB}.Debug|x64.ActiveCfg = Debug|Any CPU
		{DDA57F70-239C-4235-A16D-154B858E34CB}.Debug|x64.Build.0 = Debug|Any CPU
		{DDA57F70-239C-4235-A16D-154B858E34CB}.Debug|x86.ActiveCfg = Debug|Any CPU
		{DDA57F70-239C-4235-A16D-154B858E34CB}.Debug|x86.Build.0 = Debug|Any CPU
		{DDA57F70-239C-4235-A16D-154B858E34CB}.Release|Any CPU.ActiveCfg = Release|Any CPU
		{DDA57F70-239C-4235-A16D-154B858E34CB}.Release|Any CPU.Build.0 = Release|Any CPU
		{DDA57F70-239C-4235-A16D-154B858E34CB}.Release|x64.ActiveCfg = Release|Any CPU
		{DDA57F70-239C-4235-A16D-154B858E34CB}.Release|x64.Build.0 = Release|Any CPU
		{DDA57F70-239C-4235-A16D-154B858E34CB}.Release|x86.ActiveCfg = Release|Any CPU
		{DDA57F70-239C-4235-A16D-154B858E34CB}.Release|x86.Build.0 = Release|Any CPU
	EndGlobalSection
	GlobalSection(SolutionProperties) = preSolution
		HideSolutionNode = FALSE
	EndGlobalSection
	GlobalSection(ExtensibilityGlobals) = postSolution
		SolutionGuid = {9B9BBC52-A799-48D5-ADAF-1BF03179B921}
	EndGlobalSection
EndGlobal
