
Microsoft Visual Studio Solution File, Format Version 12.00
# Visual Studio Version 16
VisualStudioVersion = 16.0.31729.503
MinimumVisualStudioVersion = 10.0.40219.1
Project("{9A19103F-16F7-4668-BE54-9A1E7A4F7556}") = "Microsoft.Azure.Management.IotCentral.Tests", "tests\Microsoft.Azure.Management.IotCentral.Tests.csproj", "{DD48424F-23AE-4CAA-A8C6-78ED453203FF}"
EndProject
Project("{9A19103F-16F7-4668-BE54-9A1E7A4F7556}") = "Microsoft.Azure.Management.IotCentral", "src\Microsoft.Azure.Management.IotCentral.csproj", "{6D87768F-C148-4850-AA06-B6D0E0319563}"
EndProject
Global
	GlobalSection(SolutionConfigurationPlatforms) = preSolution
		Debug|Any CPU = Debug|Any CPU
		Release|Any CPU = Release|Any CPU
	EndGlobalSection
	GlobalSection(ProjectConfigurationPlatforms) = postSolution
		{DD48424F-23AE-4CAA-A8C6-78ED453203FF}.Debug|Any CPU.ActiveCfg = Debug|Any CPU
		{DD48424F-23AE-4CAA-A8C6-78ED453203FF}.Debug|Any CPU.Build.0 = Debug|Any CPU
		{DD48424F-23AE-4CAA-A8C6-78ED453203FF}.Release|Any CPU.ActiveCfg = Release|Any CPU
		{DD48424F-23AE-4CAA-A8C6-78ED453203FF}.Release|Any CPU.Build.0 = Release|Any CPU
		{6D87768F-C148-4850-AA06-B6D0E0319563}.Debug|Any CPU.ActiveCfg = Debug|Any CPU
		{6D87768F-C148-4850-AA06-B6D0E0319563}.Debug|Any CPU.Build.0 = Debug|Any CPU
		{6D87768F-C148-4850-AA06-B6D0E0319563}.Release|Any CPU.ActiveCfg = Release|Any CPU
		{6D87768F-C148-4850-AA06-B6D0E0319563}.Release|Any CPU.Build.0 = Release|Any CPU
		{DE97083A-3D43-49ED-A9F7-263464C832D9}.Debug|Any CPU.ActiveCfg = Debug|Any CPU
		{DE97083A-3D43-49ED-A9F7-263464C832D9}.Debug|Any CPU.Build.0 = Debug|Any CPU
		{DE97083A-3D43-49ED-A9F7-263464C832D9}.Release|Any CPU.ActiveCfg = Release|Any CPU
		{DE97083A-3D43-49ED-A9F7-263464C832D9}.Release|Any CPU.Build.0 = Release|Any CPU
	EndGlobalSection
	GlobalSection(SolutionProperties) = preSolution
		HideSolutionNode = FALSE
	EndGlobalSection
	GlobalSection(ExtensibilityGlobals) = postSolution
		SolutionGuid = {795EB0E4-23F0-499F-A936-32C4FA36354A}
	EndGlobalSection
EndGlobal
