
Microsoft Visual Studio Solution File, Format Version 12.00
# Visual Studio 15
VisualStudioVersion = 15.0.26430.4
MinimumVisualStudioVersion = 10.0.40219.1
Project("{9A19103F-16F7-4668-BE54-9A1E7A4F7556}") = "Microsoft.Azure.Management.Automation.Tests", "tests\Microsoft.Azure.Management.Automation.Tests.csproj", "{62F8139E-0CA4-4234-B5E3-6D2689ED743C}"
	ProjectSection(ProjectDependencies) = postProject
		{3BC8F71C-6424-44F8-B553-BABC031F2AE7} = {3BC8F71C-6424-44F8-B553-BABC031F2AE7}
	EndProjectSection
EndProject
Project("{9A19103F-16F7-4668-BE54-9A1E7A4F7556}") = "Microsoft.Azure.Management.Automation", "src\Microsoft.Azure.Management.Automation.csproj", "{3BC8F71C-6424-44F8-B553-BABC031F2AE7}"
EndProject
Project("{FAE04EC0-301F-11D3-BF4B-00C04F79EFBC}") = "Microsoft.Azure.Test.HttpRecorder", "..\..\mgmtcommon\TestFramework\Microsoft.Azure.Test.HttpRecorder\Microsoft.Azure.Test.HttpRecorder.csproj", "{9A594333-B5FD-415E-A8D2-C8286AF96576}"
EndProject
Project("{FAE04EC0-301F-11D3-BF4B-00C04F79EFBC}") = "Microsoft.Rest.ClientRuntime.Azure.TestFramework", "..\..\mgmtcommon\TestFramework\ClientRuntime.Azure.TestFramework\Microsoft.Rest.ClientRuntime.Azure.TestFramework.csproj", "{9050E001-36E5-40A0-91AF-FB144A57231E}"
EndProject
Global
	GlobalSection(SolutionConfigurationPlatforms) = preSolution
		Net40-Debug|Any CPU = Net40-Debug|Any CPU
		Net40-Release|Any CPU = Net40-Release|Any CPU
		Net45-Debug|Any CPU = Net45-Debug|Any CPU
		Net45-Release|Any CPU = Net45-Release|Any CPU
		Portable-Debug|Any CPU = Portable-Debug|Any CPU
		Portable-Release|Any CPU = Portable-Release|Any CPU
	EndGlobalSection
	GlobalSection(ProjectConfigurationPlatforms) = postSolution
		{62F8139E-0CA4-4234-B5E3-6D2689ED743C}.Net40-Debug|Any CPU.ActiveCfg = Debug|Any CPU
		{62F8139E-0CA4-4234-B5E3-6D2689ED743C}.Net40-Debug|Any CPU.Build.0 = Debug|Any CPU
		{62F8139E-0CA4-4234-B5E3-6D2689ED743C}.Net40-Release|Any CPU.ActiveCfg = Release|Any CPU
		{62F8139E-0CA4-4234-B5E3-6D2689ED743C}.Net40-Release|Any CPU.Build.0 = Release|Any CPU
		{62F8139E-0CA4-4234-B5E3-6D2689ED743C}.Net45-Debug|Any CPU.ActiveCfg = Debug|Any CPU
		{62F8139E-0CA4-4234-B5E3-6D2689ED743C}.Net45-Debug|Any CPU.Build.0 = Debug|Any CPU
		{62F8139E-0CA4-4234-B5E3-6D2689ED743C}.Net45-Release|Any CPU.ActiveCfg = Release|Any CPU
		{62F8139E-0CA4-4234-B5E3-6D2689ED743C}.Net45-Release|Any CPU.Build.0 = Release|Any CPU
		{62F8139E-0CA4-4234-B5E3-6D2689ED743C}.Portable-Debug|Any CPU.ActiveCfg = Debug|Any CPU
		{62F8139E-0CA4-4234-B5E3-6D2689ED743C}.Portable-Debug|Any CPU.Build.0 = Debug|Any CPU
		{62F8139E-0CA4-4234-B5E3-6D2689ED743C}.Portable-Release|Any CPU.ActiveCfg = Release|Any CPU
		{62F8139E-0CA4-4234-B5E3-6D2689ED743C}.Portable-Release|Any CPU.Build.0 = Release|Any CPU
		{3BC8F71C-6424-44F8-B553-BABC031F2AE7}.Net40-Debug|Any CPU.ActiveCfg = Debug|Any CPU
		{3BC8F71C-6424-44F8-B553-BABC031F2AE7}.Net40-Debug|Any CPU.Build.0 = Debug|Any CPU
		{3BC8F71C-6424-44F8-B553-BABC031F2AE7}.Net40-Release|Any CPU.ActiveCfg = Release|Any CPU
		{3BC8F71C-6424-44F8-B553-BABC031F2AE7}.Net40-Release|Any CPU.Build.0 = Release|Any CPU
		{3BC8F71C-6424-44F8-B553-BABC031F2AE7}.Net45-Debug|Any CPU.ActiveCfg = Debug|Any CPU
		{3BC8F71C-6424-44F8-B553-BABC031F2AE7}.Net45-Debug|Any CPU.Build.0 = Debug|Any CPU
		{3BC8F71C-6424-44F8-B553-BABC031F2AE7}.Net45-Release|Any CPU.ActiveCfg = Release|Any CPU
		{3BC8F71C-6424-44F8-B553-BABC031F2AE7}.Net45-Release|Any CPU.Build.0 = Release|Any CPU
		{3BC8F71C-6424-44F8-B553-BABC031F2AE7}.Portable-Debug|Any CPU.ActiveCfg = Debug|Any CPU
		{3BC8F71C-6424-44F8-B553-BABC031F2AE7}.Portable-Debug|Any CPU.Build.0 = Debug|Any CPU
		{3BC8F71C-6424-44F8-B553-BABC031F2AE7}.Portable-Release|Any CPU.ActiveCfg = Release|Any CPU
		{3BC8F71C-6424-44F8-B553-BABC031F2AE7}.Portable-Release|Any CPU.Build.0 = Release|Any CPU
		{9A594333-B5FD-415E-A8D2-C8286AF96576}.Net40-Debug|Any CPU.ActiveCfg = Debug|Any CPU
		{9A594333-B5FD-415E-A8D2-C8286AF96576}.Net40-Debug|Any CPU.Build.0 = Debug|Any CPU
		{9A594333-B5FD-415E-A8D2-C8286AF96576}.Net40-Release|Any CPU.ActiveCfg = Debug|Any CPU
		{9A594333-B5FD-415E-A8D2-C8286AF96576}.Net40-Release|Any CPU.Build.0 = Debug|Any CPU
		{9A594333-B5FD-415E-A8D2-C8286AF96576}.Net45-Debug|Any CPU.ActiveCfg = Debug|Any CPU
		{9A594333-B5FD-415E-A8D2-C8286AF96576}.Net45-Debug|Any CPU.Build.0 = Debug|Any CPU
		{9A594333-B5FD-415E-A8D2-C8286AF96576}.Net45-Release|Any CPU.ActiveCfg = Debug|Any CPU
		{9A594333-B5FD-415E-A8D2-C8286AF96576}.Net45-Release|Any CPU.Build.0 = Debug|Any CPU
		{9A594333-B5FD-415E-A8D2-C8286AF96576}.Portable-Debug|Any CPU.ActiveCfg = Debug|Any CPU
		{9A594333-B5FD-415E-A8D2-C8286AF96576}.Portable-Debug|Any CPU.Build.0 = Debug|Any CPU
		{9A594333-B5FD-415E-A8D2-C8286AF96576}.Portable-Release|Any CPU.ActiveCfg = Debug|Any CPU
		{9A594333-B5FD-415E-A8D2-C8286AF96576}.Portable-Release|Any CPU.Build.0 = Debug|Any CPU
		{9050E001-36E5-40A0-91AF-FB144A57231E}.Net40-Debug|Any CPU.ActiveCfg = Debug|Any CPU
		{9050E001-36E5-40A0-91AF-FB144A57231E}.Net40-Debug|Any CPU.Build.0 = Debug|Any CPU
		{9050E001-36E5-40A0-91AF-FB144A57231E}.Net40-Release|Any CPU.ActiveCfg = Debug|Any CPU
		{9050E001-36E5-40A0-91AF-FB144A57231E}.Net40-Release|Any CPU.Build.0 = Debug|Any CPU
		{9050E001-36E5-40A0-91AF-FB144A57231E}.Net45-Debug|Any CPU.ActiveCfg = Debug|Any CPU
		{9050E001-36E5-40A0-91AF-FB144A57231E}.Net45-Debug|Any CPU.Build.0 = Debug|Any CPU
		{9050E001-36E5-40A0-91AF-FB144A57231E}.Net45-Release|Any CPU.ActiveCfg = Debug|Any CPU
		{9050E001-36E5-40A0-91AF-FB144A57231E}.Net45-Release|Any CPU.Build.0 = Debug|Any CPU
		{9050E001-36E5-40A0-91AF-FB144A57231E}.Portable-Debug|Any CPU.ActiveCfg = Debug|Any CPU
		{9050E001-36E5-40A0-91AF-FB144A57231E}.Portable-Debug|Any CPU.Build.0 = Debug|Any CPU
		{9050E001-36E5-40A0-91AF-FB144A57231E}.Portable-Release|Any CPU.ActiveCfg = Debug|Any CPU
		{9050E001-36E5-40A0-91AF-FB144A57231E}.Portable-Release|Any CPU.Build.0 = Debug|Any CPU
	EndGlobalSection
	GlobalSection(SolutionProperties) = preSolution
		HideSolutionNode = FALSE
	EndGlobalSection
EndGlobal
