Microsoft Visual Studio Solution File, Format Version 12.00
# Visual Studio Version 17
VisualStudioVersion = 17.0.31624.463
MinimumVisualStudioVersion = 15.0.26124.0
Project("{9A19103F-16F7-4668-BE54-9A1E7A4F7556}") = "Azure.ResourceManager.KeyVault", "src\Azure.ResourceManager.KeyVault.csproj", "{68CD0142-EAA5-4D17-B574-0E059D28908B}"
EndProject
Project("{9A19103F-16F7-4668-BE54-9A1E7A4F7556}") = "Azure.ResourceManager.KeyVault.Tests", "tests\Azure.ResourceManager.KeyVault.Tests.csproj", "{831C392A-50D2-45D4-8AC9-CDB1FF7B443E}"
EndProject
Project("{9A19103F-16F7-4668-BE54-9A1E7A4F7556}") = "Azure.Core.TestFramework", "..\..\core\Azure.Core.TestFramework\src\Azure.Core.TestFramework.csproj", "{D834F7AA-20E1-4A74-8474-6E367332E3EB}"
EndProject
Global
	GlobalSection(SolutionConfigurationPlatforms) = preSolution
		Debug|Any CPU = Debug|Any CPU
		Debug|x64 = Debug|x64
		Debug|x86 = Debug|x86
		Release|Any CPU = Release|Any CPU
		Release|x64 = Release|x64
		Release|x86 = Release|x86
	EndGlobalSection
	GlobalSection(ProjectConfigurationPlatforms) = postSolution
		{68CD0142-EAA5-4D17-B574-0E059D28908B}.Debug|Any CPU.ActiveCfg = Debug|Any CPU
		{68CD0142-EAA5-4D17-B574-0E059D28908B}.Debug|Any CPU.Build.0 = Debug|Any CPU
		{68CD0142-EAA5-4D17-B574-0E059D28908B}.Debug|x64.ActiveCfg = Debug|Any CPU
		{68CD0142-EAA5-4D17-B574-0E059D28908B}.Debug|x64.Build.0 = Debug|Any CPU
		{68CD0142-EAA5-4D17-B574-0E059D28908B}.Debug|x86.ActiveCfg = Debug|Any CPU
		{68CD0142-EAA5-4D17-B574-0E059D28908B}.Debug|x86.Build.0 = Debug|Any CPU
		{68CD0142-EAA5-4D17-B574-0E059D28908B}.Release|Any CPU.ActiveCfg = Release|Any CPU
		{68CD0142-EAA5-4D17-B574-0E059D28908B}.Release|Any CPU.Build.0 = Release|Any CPU
		{68CD0142-EAA5-4D17-B574-0E059D28908B}.Release|x64.ActiveCfg = Release|Any CPU
		{68CD0142-EAA5-4D17-B574-0E059D28908B}.Release|x64.Build.0 = Release|Any CPU
		{68CD0142-EAA5-4D17-B574-0E059D28908B}.Release|x86.ActiveCfg = Release|Any CPU
		{68CD0142-EAA5-4D17-B574-0E059D28908B}.Release|x86.Build.0 = Release|Any CPU
		{831C392A-50D2-45D4-8AC9-CDB1FF7B443E}.Debug|Any CPU.ActiveCfg = Debug|Any CPU
		{831C392A-50D2-45D4-8AC9-CDB1FF7B443E}.Debug|Any CPU.Build.0 = Debug|Any CPU
		{831C392A-50D2-45D4-8AC9-CDB1FF7B443E}.Debug|x64.ActiveCfg = Debug|Any CPU
		{831C392A-50D2-45D4-8AC9-CDB1FF7B443E}.Debug|x64.Build.0 = Debug|Any CPU
		{831C392A-50D2-45D4-8AC9-CDB1FF7B443E}.Debug|x86.ActiveCfg = Debug|Any CPU
		{831C392A-50D2-45D4-8AC9-CDB1FF7B443E}.Debug|x86.Build.0 = Debug|Any CPU
		{831C392A-50D2-45D4-8AC9-CDB1FF7B443E}.Release|Any CPU.ActiveCfg = Release|Any CPU
		{831C392A-50D2-45D4-8AC9-CDB1FF7B443E}.Release|Any CPU.Build.0 = Release|Any CPU
		{831C392A-50D2-45D4-8AC9-CDB1FF7B443E}.Release|x64.ActiveCfg = Release|Any CPU
		{831C392A-50D2-45D4-8AC9-CDB1FF7B443E}.Release|x64.Build.0 = Release|Any CPU
		{831C392A-50D2-45D4-8AC9-CDB1FF7B443E}.Release|x86.ActiveCfg = Release|Any CPU
		{831C392A-50D2-45D4-8AC9-CDB1FF7B443E}.Release|x86.Build.0 = Release|Any CPU
		{D834F7AA-20E1-4A74-8474-6E367332E3EB}.Debug|Any CPU.ActiveCfg = Debug|Any CPU
		{D834F7AA-20E1-4A74-8474-6E367332E3EB}.Debug|Any CPU.Build.0 = Debug|Any CPU
		{D834F7AA-20E1-4A74-8474-6E367332E3EB}.Debug|x64.ActiveCfg = Debug|Any CPU
		{D834F7AA-20E1-4A74-8474-6E367332E3EB}.Debug|x64.Build.0 = Debug|Any CPU
		{D834F7AA-20E1-4A74-8474-6E367332E3EB}.Debug|x86.ActiveCfg = Debug|Any CPU
		{D834F7AA-20E1-4A74-8474-6E367332E3EB}.Debug|x86.Build.0 = Debug|Any CPU
		{D834F7AA-20E1-4A74-8474-6E367332E3EB}.Release|Any CPU.ActiveCfg = Release|Any CPU
		{D834F7AA-20E1-4A74-8474-6E367332E3EB}.Release|Any CPU.Build.0 = Release|Any CPU
		{D834F7AA-20E1-4A74-8474-6E367332E3EB}.Release|x64.ActiveCfg = Release|Any CPU
		{D834F7AA-20E1-4A74-8474-6E367332E3EB}.Release|x64.Build.0 = Release|Any CPU
		{D834F7AA-20E1-4A74-8474-6E367332E3EB}.Release|x86.ActiveCfg = Release|Any CPU
		{D834F7AA-20E1-4A74-8474-6E367332E3EB}.Release|x86.Build.0 = Release|Any CPU
	EndGlobalSection
	GlobalSection(SolutionProperties) = preSolution
		HideSolutionNode = FALSE
	EndGlobalSection
	GlobalSection(ExtensibilityGlobals) = postSolution
		SolutionGuid = {EEF0B562-43E9-4E60-B175-1E70BF329831}
	EndGlobalSection
EndGlobal
