
Microsoft Visual Studio Solution File, Format Version 12.00
# Visual Studio Version 17
VisualStudioVersion = 17.8.34322.80
MinimumVisualStudioVersion = 10.0.40219.1
Project("{9A19103F-16F7-4668-BE54-9A1E7A4F7556}") = "Azure.Storage.Queues", "Azure.Storage.Queues.csproj", "{FBBC53B2-1A8C-4597-BDA4-E26A8B42A6AB}"
EndProject
Project("{9A19103F-16F7-4668-BE54-9A1E7A4F7556}") = "Azure.Storage.Common", "..\..\Azure.Storage.Common\src\Azure.Storage.Common.csproj", "{86719177-88DE-496B-8802-6F491659466C}"
EndProject
Global
	GlobalSection(SolutionConfigurationPlatforms) = preSolution
		Debug|Any CPU = Debug|Any CPU
		Release|Any CPU = Release|Any CPU
	EndGlobalSection
	GlobalSection(ProjectConfigurationPlatforms) = postSolution
		{FBBC53B2-1A8C-4597-BDA4-E26A8B42A6AB}.Debug|Any CPU.ActiveCfg = Debug|Any CPU
		{FBBC53B2-1A8C-4597-BDA4-E26A8B42A6AB}.Debug|Any CPU.Build.0 = Debug|Any CPU
		{FBBC53B2-1A8C-4597-BDA4-E26A8B42A6AB}.Release|Any CPU.ActiveCfg = Release|Any CPU
		{FBBC53B2-1A8C-4597-BDA4-E26A8B42A6AB}.Release|Any CPU.Build.0 = Release|Any CPU
		{86719177-88DE-496B-8802-6F491659466C}.Debug|Any CPU.ActiveCfg = Debug|Any CPU
		{86719177-88DE-496B-8802-6F491659466C}.Debug|Any CPU.Build.0 = Debug|Any CPU
		{86719177-88DE-496B-8802-6F491659466C}.Release|Any CPU.ActiveCfg = Release|Any CPU
		{86719177-88DE-496B-8802-6F491659466C}.Release|Any CPU.Build.0 = Release|Any CPU
	EndGlobalSection
	GlobalSection(SolutionProperties) = preSolution
		HideSolutionNode = FALSE
	EndGlobalSection
	GlobalSection(ExtensibilityGlobals) = postSolution
		SolutionGuid = {296111D8-1F90-4155-AD01-FFDD33051E60}
	EndGlobalSection
EndGlobal
