
Microsoft Visual Studio Solution File, Format Version 12.00
# Visual Studio Version 17
VisualStudioVersion = 17.9.34723.18
MinimumVisualStudioVersion = 10.0.40219.1
Project("{FAE04EC0-301F-11D3-BF4B-00C04F79EFBC}") = "Azure.AI.ContentUnderstanding", "src\Azure.AI.ContentUnderstanding.csproj", "{F5B9B4E2-A5CF-4E9F-9101-E3E9289E8DCF}"
EndProject
Global
	GlobalSection(SolutionConfigurationPlatforms) = preSolution
		Debug|Any CPU = Debug|Any CPU
		Release|Any CPU = Release|Any CPU
	EndGlobalSection
	GlobalSection(ProjectConfigurationPlatforms) = postSolution
		{F5B9B4E2-A5CF-4E9F-9101-E3E9289E8DCF}.Debug|Any CPU.ActiveCfg = Debug|Any CPU
		{F5B9B4E2-A5CF-4E9F-9101-E3E9289E8DCF}.Debug|Any CPU.Build.0 = Debug|Any CPU
		{F5B9B4E2-A5CF-4E9F-9101-E3E9289E8DCF}.Release|Any CPU.ActiveCfg = Release|Any CPU
		{F5B9B4E2-A5CF-4E9F-9101-E3E9289E8DCF}.Release|Any CPU.Build.0 = Release|Any CPU
	EndGlobalSection
	GlobalSection(SolutionProperties) = preSolution
		HideSolutionNode = FALSE
	EndGlobalSection
	GlobalSection(ExtensibilityGlobals) = postSolution
		SolutionGuid = {A97F4B90-2591-4689-B1F8-5F21FE6D6CAE}
	EndGlobalSection
EndGlobal
