
Microsoft Visual Studio Solution File, Format Version 12.00
# Visual Studio Version 17
VisualStudioVersion = 17.8.34408.163
MinimumVisualStudioVersion = 10.0.40219.1
Project("{9A19103F-16F7-4668-BE54-9A1E7A4F7556}") = "Azure.ResourceManager.WorkloadMonitor", "src\Azure.ResourceManager.WorkloadMonitor.csproj", "{18ADFD16-3366-47B6-8CDD-1D850F145BBB}"
EndProject
Project("{9A19103F-16F7-4668-BE54-9A1E7A4F7556}") = "Azure.ResourceManager.WorkloadMonitor.Tests", "tests\Azure.ResourceManager.WorkloadMonitor.Tests.csproj", "{61FF433D-794B-4BCA-8E81-7EC33D30482C}"
EndProject
Global
	GlobalSection(SolutionConfigurationPlatforms) = preSolution
		Debug|Any CPU = Debug|Any CPU
		Debug|x64 = Debug|x64
		Debug|x86 = Debug|x86
		Release|Any CPU = Release|Any CPU
		Release|x64 = Release|x64
		Release|x86 = Release|x86
	EndGlobalSection
	GlobalSection(ProjectConfigurationPlatforms) = postSolution
		{18ADFD16-3366-47B6-8CDD-1D850F145BBB}.Debug|Any CPU.ActiveCfg = Debug|Any CPU
		{18ADFD16-3366-47B6-8CDD-1D850F145BBB}.Debug|Any CPU.Build.0 = Debug|Any CPU
		{18ADFD16-3366-47B6-8CDD-1D850F145BBB}.Debug|x64.ActiveCfg = Debug|Any CPU
		{18ADFD16-3366-47B6-8CDD-1D850F145BBB}.Debug|x64.Build.0 = Debug|Any CPU
		{18ADFD16-3366-47B6-8CDD-1D850F145BBB}.Debug|x86.ActiveCfg = Debug|Any CPU
		{18ADFD16-3366-47B6-8CDD-1D850F145BBB}.Debug|x86.Build.0 = Debug|Any CPU
		{18ADFD16-3366-47B6-8CDD-1D850F145BBB}.Release|Any CPU.ActiveCfg = Release|Any CPU
		{18ADFD16-3366-47B6-8CDD-1D850F145BBB}.Release|Any CPU.Build.0 = Release|Any CPU
		{18ADFD16-3366-47B6-8CDD-1D850F145BBB}.Release|x64.ActiveCfg = Release|Any CPU
		{18ADFD16-3366-47B6-8CDD-1D850F145BBB}.Release|x64.Build.0 = Release|Any CPU
		{18ADFD16-3366-47B6-8CDD-1D850F145BBB}.Release|x86.ActiveCfg = Release|Any CPU
		{18ADFD16-3366-47B6-8CDD-1D850F145BBB}.Release|x86.Build.0 = Release|Any CPU
		{61FF433D-794B-4BCA-8E81-7EC33D30482C}.Debug|Any CPU.ActiveCfg = Debug|Any CPU
		{61FF433D-794B-4BCA-8E81-7EC33D30482C}.Debug|Any CPU.Build.0 = Debug|Any CPU
		{61FF433D-794B-4BCA-8E81-7EC33D30482C}.Debug|x64.ActiveCfg = Debug|Any CPU
		{61FF433D-794B-4BCA-8E81-7EC33D30482C}.Debug|x64.Build.0 = Debug|Any CPU
		{61FF433D-794B-4BCA-8E81-7EC33D30482C}.Debug|x86.ActiveCfg = Debug|Any CPU
		{61FF433D-794B-4BCA-8E81-7EC33D30482C}.Debug|x86.Build.0 = Debug|Any CPU
		{61FF433D-794B-4BCA-8E81-7EC33D30482C}.Release|Any CPU.ActiveCfg = Release|Any CPU
		{61FF433D-794B-4BCA-8E81-7EC33D30482C}.Release|Any CPU.Build.0 = Release|Any CPU
		{61FF433D-794B-4BCA-8E81-7EC33D30482C}.Release|x64.ActiveCfg = Release|Any CPU
		{61FF433D-794B-4BCA-8E81-7EC33D30482C}.Release|x64.Build.0 = Release|Any CPU
		{61FF433D-794B-4BCA-8E81-7EC33D30482C}.Release|x86.ActiveCfg = Release|Any CPU
		{61FF433D-794B-4BCA-8E81-7EC33D30482C}.Release|x86.Build.0 = Release|Any CPU
	EndGlobalSection
	GlobalSection(SolutionProperties) = preSolution
		HideSolutionNode = FALSE
	EndGlobalSection
	GlobalSection(ExtensibilityGlobals) = postSolution
		SolutionGuid = {467C3B30-2356-4600-97AC-0AA5CC7BD755}
	EndGlobalSection
EndGlobal
