
Microsoft Visual Studio Solution File, Format Version 12.00
# Visual Studio Version 16
VisualStudioVersion = 16.0.30711.63
MinimumVisualStudioVersion = 10.0.40219.1
Project("{9A19103F-16F7-4668-BE54-9A1E7A4F7556}") = "Azure.Storage.Files.Shares.Perf", "Azure.Storage.Files.Shares.Perf.csproj", "{556A5868-96C5-4672-ABB2-1E5A0F093B1C}"
EndProject
Project("{2150E333-8FDC-42A3-9474-1A3956D46DE8}") = "External", "External", "{BC2C1207-3C0A-4217-A867-81B0C03D2519}"
EndProject
Project("{9A19103F-16F7-4668-BE54-9A1E7A4F7556}") = "Azure.Storage.Files.Shares", "..\..\src\Azure.Storage.Files.Shares.csproj", "{22482B2B-BEA2-4302-A75C-5E5AAC4233A6}"
EndProject
Project("{9A19103F-16F7-4668-BE54-9A1E7A4F7556}") = "Azure.Test.Perf", "..\..\..\..\..\common\Perf\Azure.Test.Perf\Azure.Test.Perf.csproj", "{3830DDDD-5BAB-44BD-9589-57B71E21381A}"
EndProject
Project("{9A19103F-16F7-4668-BE54-9A1E7A4F7556}") = "Azure.Core.TestFramework", "..\..\..\..\core\Azure.Core.TestFramework\src\Azure.Core.TestFramework.csproj", "{9FF53FB2-81D1-47D0-9FF3-C9E4993A53FC}"
EndProject
Global
	GlobalSection(SolutionConfigurationPlatforms) = preSolution
		Debug|Any CPU = Debug|Any CPU
		Release|Any CPU = Release|Any CPU
	EndGlobalSection
	GlobalSection(ProjectConfigurationPlatforms) = postSolution
		{556A5868-96C5-4672-ABB2-1E5A0F093B1C}.Debug|Any CPU.ActiveCfg = Debug|Any CPU
		{556A5868-96C5-4672-ABB2-1E5A0F093B1C}.Debug|Any CPU.Build.0 = Debug|Any CPU
		{556A5868-96C5-4672-ABB2-1E5A0F093B1C}.Release|Any CPU.ActiveCfg = Release|Any CPU
		{556A5868-96C5-4672-ABB2-1E5A0F093B1C}.Release|Any CPU.Build.0 = Release|Any CPU
		{22482B2B-BEA2-4302-A75C-5E5AAC4233A6}.Debug|Any CPU.ActiveCfg = Debug|Any CPU
		{22482B2B-BEA2-4302-A75C-5E5AAC4233A6}.Debug|Any CPU.Build.0 = Debug|Any CPU
		{22482B2B-BEA2-4302-A75C-5E5AAC4233A6}.Release|Any CPU.ActiveCfg = Release|Any CPU
		{22482B2B-BEA2-4302-A75C-5E5AAC4233A6}.Release|Any CPU.Build.0 = Release|Any CPU
		{3830DDDD-5BAB-44BD-9589-57B71E21381A}.Debug|Any CPU.ActiveCfg = Debug|Any CPU
		{3830DDDD-5BAB-44BD-9589-57B71E21381A}.Debug|Any CPU.Build.0 = Debug|Any CPU
		{3830DDDD-5BAB-44BD-9589-57B71E21381A}.Release|Any CPU.ActiveCfg = Release|Any CPU
		{3830DDDD-5BAB-44BD-9589-57B71E21381A}.Release|Any CPU.Build.0 = Release|Any CPU
		{9FF53FB2-81D1-47D0-9FF3-C9E4993A53FC}.Debug|Any CPU.ActiveCfg = Debug|Any CPU
		{9FF53FB2-81D1-47D0-9FF3-C9E4993A53FC}.Debug|Any CPU.Build.0 = Debug|Any CPU
		{9FF53FB2-81D1-47D0-9FF3-C9E4993A53FC}.Release|Any CPU.ActiveCfg = Release|Any CPU
		{9FF53FB2-81D1-47D0-9FF3-C9E4993A53FC}.Release|Any CPU.Build.0 = Release|Any CPU
	EndGlobalSection
	GlobalSection(SolutionProperties) = preSolution
		HideSolutionNode = FALSE
	EndGlobalSection
	GlobalSection(NestedProjects) = preSolution
		{22482B2B-BEA2-4302-A75C-5E5AAC4233A6} = {BC2C1207-3C0A-4217-A867-81B0C03D2519}
		{3830DDDD-5BAB-44BD-9589-57B71E21381A} = {BC2C1207-3C0A-4217-A867-81B0C03D2519}
		{9FF53FB2-81D1-47D0-9FF3-C9E4993A53FC} = {BC2C1207-3C0A-4217-A867-81B0C03D2519}
	EndGlobalSection
	GlobalSection(ExtensibilityGlobals) = postSolution
		SolutionGuid = {8E6A0374-AFF4-4DF0-8663-856605C48B62}
	EndGlobalSection
EndGlobal
