
Microsoft Visual Studio Solution File, Format Version 12.00
# Visual Studio 15
VisualStudioVersion = 15.0.26228.4
MinimumVisualStudioVersion = 10.0.40219.1
Project("{9A19103F-16F7-4668-BE54-9A1E7A4F7556}") = "Microsoft.Azure.Management.Insights.Tests", "tests\Microsoft.Azure.Management.Insights.Tests.csproj", "{2684F7EB-16B8-487E-A0AB-F4B3091C9197}"
EndProject
Project("{9A19103F-16F7-4668-BE54-9A1E7A4F7556}") = "Microsoft.Azure.Management.Insights", "src\Microsoft.Azure.Management.Insights.csproj", "{8989ED12-B754-4EBD-BC97-EFA7B11FFD49}"
EndProject
Global
	GlobalSection(SolutionConfigurationPlatforms) = preSolution
		Debug|Any CPU = Debug|Any CPU
		Net45-Debug|Any CPU = Net45-Debug|Any CPU
		Net45-Release|Any CPU = Net45-Release|Any CPU
		Portable-Debug|Any CPU = Portable-Debug|Any CPU
		Portable-Release|Any CPU = Portable-Release|Any CPU
		Release|Any CPU = Release|Any CPU
	EndGlobalSection
	GlobalSection(ProjectConfigurationPlatforms) = postSolution
		{2684F7EB-16B8-487E-A0AB-F4B3091C9197}.Debug|Any CPU.ActiveCfg = Debug|Any CPU
		{2684F7EB-16B8-487E-A0AB-F4B3091C9197}.Debug|Any CPU.Build.0 = Debug|Any CPU
		{2684F7EB-16B8-487E-A0AB-F4B3091C9197}.Net45-Debug|Any CPU.ActiveCfg = Debug|Any CPU
		{2684F7EB-16B8-487E-A0AB-F4B3091C9197}.Net45-Debug|Any CPU.Build.0 = Debug|Any CPU
		{2684F7EB-16B8-487E-A0AB-F4B3091C9197}.Net45-Release|Any CPU.ActiveCfg = Debug|Any CPU
		{2684F7EB-16B8-487E-A0AB-F4B3091C9197}.Net45-Release|Any CPU.Build.0 = Debug|Any CPU
		{2684F7EB-16B8-487E-A0AB-F4B3091C9197}.Portable-Debug|Any CPU.ActiveCfg = Release|Any CPU
		{2684F7EB-16B8-487E-A0AB-F4B3091C9197}.Portable-Debug|Any CPU.Build.0 = Release|Any CPU
		{2684F7EB-16B8-487E-A0AB-F4B3091C9197}.Portable-Release|Any CPU.ActiveCfg = Release|Any CPU
		{2684F7EB-16B8-487E-A0AB-F4B3091C9197}.Portable-Release|Any CPU.Build.0 = Release|Any CPU
		{2684F7EB-16B8-487E-A0AB-F4B3091C9197}.Release|Any CPU.ActiveCfg = Release|Any CPU
		{2684F7EB-16B8-487E-A0AB-F4B3091C9197}.Release|Any CPU.Build.0 = Release|Any CPU
		{8989ED12-B754-4EBD-BC97-EFA7B11FFD49}.Debug|Any CPU.ActiveCfg = Debug|Any CPU
		{8989ED12-B754-4EBD-BC97-EFA7B11FFD49}.Debug|Any CPU.Build.0 = Debug|Any CPU
		{8989ED12-B754-4EBD-BC97-EFA7B11FFD49}.Net45-Debug|Any CPU.ActiveCfg = Debug|Any CPU
		{8989ED12-B754-4EBD-BC97-EFA7B11FFD49}.Net45-Debug|Any CPU.Build.0 = Debug|Any CPU
		{8989ED12-B754-4EBD-BC97-EFA7B11FFD49}.Net45-Release|Any CPU.ActiveCfg = Release|Any CPU
		{8989ED12-B754-4EBD-BC97-EFA7B11FFD49}.Net45-Release|Any CPU.Build.0 = Release|Any CPU
		{8989ED12-B754-4EBD-BC97-EFA7B11FFD49}.Portable-Debug|Any CPU.ActiveCfg = Debug|Any CPU
		{8989ED12-B754-4EBD-BC97-EFA7B11FFD49}.Portable-Debug|Any CPU.Build.0 = Debug|Any CPU
		{8989ED12-B754-4EBD-BC97-EFA7B11FFD49}.Portable-Release|Any CPU.ActiveCfg = Release|Any CPU
		{8989ED12-B754-4EBD-BC97-EFA7B11FFD49}.Portable-Release|Any CPU.Build.0 = Release|Any CPU
		{8989ED12-B754-4EBD-BC97-EFA7B11FFD49}.Release|Any CPU.ActiveCfg = Release|Any CPU
		{8989ED12-B754-4EBD-BC97-EFA7B11FFD49}.Release|Any CPU.Build.0 = Release|Any CPU
	EndGlobalSection
	GlobalSection(SolutionProperties) = preSolution
		HideSolutionNode = FALSE
	EndGlobalSection
EndGlobal
