
Microsoft Visual Studio Solution File, Format Version 12.00
# Visual Studio 2013
VisualStudioVersion = 12.0.31101.0
MinimumVisualStudioVersion = 10.0.40219.1
Project("{FAE04EC0-301F-11D3-BF4B-00C04F79EFBC}") = "TestDependencies", "..\..\TestDependencies\TestDependencies.csproj", "{40F35645-00EE-4DF2-B66E-7624546B66DF}"
EndProject
Project("{FAE04EC0-301F-11D3-BF4B-00C04F79EFBC}") = "DataFactoryManagement", "DataFactoryManagement\DataFactoryManagement.csproj", "{5CF6CC47-222C-4510-9123-1F9CC35B6E50}"
EndProject
Project("{FAE04EC0-301F-11D3-BF4B-00C04F79EFBC}") = "DataFactory.Tests", "DataFactory.Tests\DataFactory.Tests.csproj", "{A5219BFF-17A1-4B7D-9DFE-6E280B164F7D}"
EndProject
Project("{2150E333-8FDC-42A3-9474-1A3956D46DE8}") = "Solution Items", "Solution Items", "{0A072201-5EC1-4A30-A814-5E4D5FCD4DCB}"
	ProjectSection(SolutionItems) = preProject
		codecoverage.runsettings = codecoverage.runsettings
	EndProjectSection
EndProject
Global
	GlobalSection(SolutionConfigurationPlatforms) = preSolution
		Net40-Debug|Any CPU = Net40-Debug|Any CPU
		Net40-Release|Any CPU = Net40-Release|Any CPU
		Net45-Debug|Any CPU = Net45-Debug|Any CPU
		Net45-Release|Any CPU = Net45-Release|Any CPU
		Portable-Debug|Any CPU = Portable-Debug|Any CPU
		Portable-Release|Any CPU = Portable-Release|Any CPU
	EndGlobalSection
	GlobalSection(ProjectConfigurationPlatforms) = postSolution
		{40F35645-00EE-4DF2-B66E-7624546B66DF}.Net40-Debug|Any CPU.ActiveCfg = Net40-Debug|Any CPU
		{40F35645-00EE-4DF2-B66E-7624546B66DF}.Net40-Release|Any CPU.ActiveCfg = Net40-Release|Any CPU
		{40F35645-00EE-4DF2-B66E-7624546B66DF}.Net45-Debug|Any CPU.ActiveCfg = Net45-Debug|Any CPU
		{40F35645-00EE-4DF2-B66E-7624546B66DF}.Net45-Debug|Any CPU.Build.0 = Net45-Debug|Any CPU
		{40F35645-00EE-4DF2-B66E-7624546B66DF}.Net45-Release|Any CPU.ActiveCfg = Net45-Release|Any CPU
		{40F35645-00EE-4DF2-B66E-7624546B66DF}.Net45-Release|Any CPU.Build.0 = Net45-Release|Any CPU
		{40F35645-00EE-4DF2-B66E-7624546B66DF}.Portable-Debug|Any CPU.ActiveCfg = Portable-Debug|Any CPU
		{40F35645-00EE-4DF2-B66E-7624546B66DF}.Portable-Release|Any CPU.ActiveCfg = Portable-Release|Any CPU
		{5CF6CC47-222C-4510-9123-1F9CC35B6E50}.Net40-Debug|Any CPU.ActiveCfg = Net40-Debug|Any CPU
		{5CF6CC47-222C-4510-9123-1F9CC35B6E50}.Net40-Debug|Any CPU.Build.0 = Net40-Debug|Any CPU
		{5CF6CC47-222C-4510-9123-1F9CC35B6E50}.Net40-Release|Any CPU.ActiveCfg = Net40-Release|Any CPU
		{5CF6CC47-222C-4510-9123-1F9CC35B6E50}.Net40-Release|Any CPU.Build.0 = Net40-Release|Any CPU
		{5CF6CC47-222C-4510-9123-1F9CC35B6E50}.Net45-Debug|Any CPU.ActiveCfg = Net45-Debug|Any CPU
		{5CF6CC47-222C-4510-9123-1F9CC35B6E50}.Net45-Debug|Any CPU.Build.0 = Net45-Debug|Any CPU
		{5CF6CC47-222C-4510-9123-1F9CC35B6E50}.Net45-Release|Any CPU.ActiveCfg = Net45-Release|Any CPU
		{5CF6CC47-222C-4510-9123-1F9CC35B6E50}.Net45-Release|Any CPU.Build.0 = Net45-Release|Any CPU
		{5CF6CC47-222C-4510-9123-1F9CC35B6E50}.Portable-Debug|Any CPU.ActiveCfg = Portable-Debug|Any CPU
		{5CF6CC47-222C-4510-9123-1F9CC35B6E50}.Portable-Debug|Any CPU.Build.0 = Portable-Debug|Any CPU
		{5CF6CC47-222C-4510-9123-1F9CC35B6E50}.Portable-Release|Any CPU.ActiveCfg = Portable-Release|Any CPU
		{5CF6CC47-222C-4510-9123-1F9CC35B6E50}.Portable-Release|Any CPU.Build.0 = Portable-Release|Any CPU
		{A5219BFF-17A1-4B7D-9DFE-6E280B164F7D}.Net40-Debug|Any CPU.ActiveCfg = Net40-Debug|Any CPU
		{A5219BFF-17A1-4B7D-9DFE-6E280B164F7D}.Net40-Release|Any CPU.ActiveCfg = Net40-Release|Any CPU
		{A5219BFF-17A1-4B7D-9DFE-6E280B164F7D}.Net45-Debug|Any CPU.ActiveCfg = Net45-Debug|Any CPU
		{A5219BFF-17A1-4B7D-9DFE-6E280B164F7D}.Net45-Debug|Any CPU.Build.0 = Net45-Debug|Any CPU
		{A5219BFF-17A1-4B7D-9DFE-6E280B164F7D}.Net45-Release|Any CPU.ActiveCfg = Net45-Release|Any CPU
		{A5219BFF-17A1-4B7D-9DFE-6E280B164F7D}.Net45-Release|Any CPU.Build.0 = Net45-Release|Any CPU
		{A5219BFF-17A1-4B7D-9DFE-6E280B164F7D}.Portable-Debug|Any CPU.ActiveCfg = Portable-Debug|Any CPU
		{A5219BFF-17A1-4B7D-9DFE-6E280B164F7D}.Portable-Release|Any CPU.ActiveCfg = Portable-Release|Any CPU
	EndGlobalSection
	GlobalSection(SolutionProperties) = preSolution
		HideSolutionNode = FALSE
	EndGlobalSection
	GlobalSection(ExtensibilityGlobals) = postSolution
		EnterpriseLibraryConfigurationToolBinariesPathV6 = ..\..\..\packages\EnterpriseLibrary.TransientFaultHandling.6.0.1304.0\lib\portable-net45+win+wp8;..\..\..\packages\EnterpriseLibrary.TransientFaultHandling.Data.6.0.1304.1\lib\NET45
	EndGlobalSection
EndGlobal
