
Microsoft Visual Studio Solution File, Format Version 12.00
# Visual Studio Version 16
VisualStudioVersion = 16.0.30804.86
MinimumVisualStudioVersion = 10.0.40219.1
Project("{9A19103F-16F7-4668-BE54-9A1E7A4F7556}") = "Azure.Storage.Blobs.Perf", "Azure.Storage.Blobs.Perf.csproj", "{C140DA03-84E0-4A66-9C4E-BA1E59AF56B1}"
EndProject
Project("{9A19103F-16F7-4668-BE54-9A1E7A4F7556}") = "Azure.Test.Perf", "..\..\..\..\..\common\Perf\Azure.Test.Perf\Azure.Test.Perf.csproj", "{CE078E42-E95B-498A-AC1C-A2C3F23DDB39}"
EndProject
Global
	GlobalSection(SolutionConfigurationPlatforms) = preSolution
		Debug|Any CPU = Debug|Any CPU
		Release|Any CPU = Release|Any CPU
	EndGlobalSection
	GlobalSection(ProjectConfigurationPlatforms) = postSolution
		{C140DA03-84E0-4A66-9C4E-BA1E59AF56B1}.Debug|Any CPU.ActiveCfg = Debug|Any CPU
		{C140DA03-84E0-4A66-9C4E-BA1E59AF56B1}.Debug|Any CPU.Build.0 = Debug|Any CPU
		{C140DA03-84E0-4A66-9C4E-BA1E59AF56B1}.Release|Any CPU.ActiveCfg = Release|Any CPU
		{C140DA03-84E0-4A66-9C4E-BA1E59AF56B1}.Release|Any CPU.Build.0 = Release|Any CPU
		{CE078E42-E95B-498A-AC1C-A2C3F23DDB39}.Debug|Any CPU.ActiveCfg = Debug|Any CPU
		{CE078E42-E95B-498A-AC1C-A2C3F23DDB39}.Debug|Any CPU.Build.0 = Debug|Any CPU
		{CE078E42-E95B-498A-AC1C-A2C3F23DDB39}.Release|Any CPU.ActiveCfg = Release|Any CPU
		{CE078E42-E95B-498A-AC1C-A2C3F23DDB39}.Release|Any CPU.Build.0 = Release|Any CPU
	EndGlobalSection
	GlobalSection(SolutionProperties) = preSolution
		HideSolutionNode = FALSE
	EndGlobalSection
	GlobalSection(ExtensibilityGlobals) = postSolution
		SolutionGuid = {95B12CD3-EE78-4D39-B705-4C05B376E512}
	EndGlobalSection
EndGlobal
