
Microsoft Visual Studio Solution File, Format Version 12.00
# Visual Studio 15
VisualStudioVersion = 15.0.26214.0
MinimumVisualStudioVersion = 10.0.40219.1
Project("{2150E333-8FDC-42A3-9474-1A3956D46DE8}") = "Test", "Test", "{FC756A84-660A-4917-85D0-0BBFB19FF71C}"
EndProject
Project("{9A19103F-16F7-4668-BE54-9A1E7A4F7556}") = "Microsoft.Rest.ClientRuntime.Tests", "ClientRuntime\ClientRuntime.Tests\Microsoft.Rest.ClientRuntime.Tests.csproj", "{582890B6-B962-4852-8420-1D7BB68E41E8}"
EndProject
Project("{9A19103F-16F7-4668-BE54-9A1E7A4F7556}") = "Microsoft.Rest.ClientRuntime", "ClientRuntime\ClientRuntime\Microsoft.Rest.ClientRuntime.csproj", "{C8DEE788-A658-4C1F-ACC4-866CDE9315BB}"
EndProject
Global
	GlobalSection(SolutionConfigurationPlatforms) = preSolution
		Debug|Any CPU = Debug|Any CPU
		Release|Any CPU = Release|Any CPU
	EndGlobalSection
	GlobalSection(ProjectConfigurationPlatforms) = postSolution
		{582890B6-B962-4852-8420-1D7BB68E41E8}.Debug|Any CPU.ActiveCfg = Debug|Any CPU
		{582890B6-B962-4852-8420-1D7BB68E41E8}.Debug|Any CPU.Build.0 = Debug|Any CPU
		{582890B6-B962-4852-8420-1D7BB68E41E8}.Release|Any CPU.ActiveCfg = Release|Any CPU
		{582890B6-B962-4852-8420-1D7BB68E41E8}.Release|Any CPU.Build.0 = Release|Any CPU
		{C8DEE788-A658-4C1F-ACC4-866CDE9315BB}.Debug|Any CPU.ActiveCfg = Debug|Any CPU
		{C8DEE788-A658-4C1F-ACC4-866CDE9315BB}.Debug|Any CPU.Build.0 = Debug|Any CPU
		{C8DEE788-A658-4C1F-ACC4-866CDE9315BB}.Release|Any CPU.ActiveCfg = Release|Any CPU
		{C8DEE788-A658-4C1F-ACC4-866CDE9315BB}.Release|Any CPU.Build.0 = Release|Any CPU
	EndGlobalSection
	GlobalSection(SolutionProperties) = preSolution
		HideSolutionNode = FALSE
	EndGlobalSection
	GlobalSection(NestedProjects) = preSolution
		{582890B6-B962-4852-8420-1D7BB68E41E8} = {FC756A84-660A-4917-85D0-0BBFB19FF71C}
	EndGlobalSection
EndGlobal
