
Microsoft Visual Studio Solution File, Format Version 12.00
# Visual Studio 2013
VisualStudioVersion = 12.0.30501.0
MinimumVisualStudioVersion = 10.0.40219.1
Project("{FAE04EC0-301F-11D3-BF4B-00C04F79EFBC}") = "TestDependencies", "..\..\TestDependencies\TestDependencies.csproj", "{40F35645-00EE-4DF2-B66E-7624546B66DF}"
EndProject
Project("{FAE04EC0-301F-11D3-BF4B-00C04F79EFBC}") = "TrafficManagerManagement", "TrafficManagerManagement\TrafficManagerManagement.csproj", "{802CEC71-2D1F-42D3-A798-3ABB7D6BA25A}"
EndProject
Project("{FAE04EC0-301F-11D3-BF4B-00C04F79EFBC}") = "TrafficManager.Tests", "TrafficManager.Tests\TrafficManager.Tests.csproj", "{779C466E-5DF8-46D7-82E5-20BFFEF31C77}"
EndProject
Global
	GlobalSection(SolutionConfigurationPlatforms) = preSolution
		Net40-Debug|Any CPU = Net40-Debug|Any CPU
		Net40-Release|Any CPU = Net40-Release|Any CPU
		Net45-Debug|Any CPU = Net45-Debug|Any CPU
		Net45-Release|Any CPU = Net45-Release|Any CPU
		Portable-Debug|Any CPU = Portable-Debug|Any CPU
		Portable-Release|Any CPU = Portable-Release|Any CPU
	EndGlobalSection
	GlobalSection(ProjectConfigurationPlatforms) = postSolution
		{40F35645-00EE-4DF2-B66E-7624546B66DF}.Net40-Debug|Any CPU.ActiveCfg = Net40-Debug|Any CPU
		{40F35645-00EE-4DF2-B66E-7624546B66DF}.Net40-Release|Any CPU.ActiveCfg = Net40-Release|Any CPU
		{40F35645-00EE-4DF2-B66E-7624546B66DF}.Net45-Debug|Any CPU.ActiveCfg = Net45-Debug|Any CPU
		{40F35645-00EE-4DF2-B66E-7624546B66DF}.Net45-Debug|Any CPU.Build.0 = Net45-Debug|Any CPU
		{40F35645-00EE-4DF2-B66E-7624546B66DF}.Net45-Release|Any CPU.ActiveCfg = Net45-Release|Any CPU
		{40F35645-00EE-4DF2-B66E-7624546B66DF}.Net45-Release|Any CPU.Build.0 = Net45-Release|Any CPU
		{40F35645-00EE-4DF2-B66E-7624546B66DF}.Portable-Debug|Any CPU.ActiveCfg = Portable-Debug|Any CPU
		{40F35645-00EE-4DF2-B66E-7624546B66DF}.Portable-Release|Any CPU.ActiveCfg = Portable-Release|Any CPU
		{802CEC71-2D1F-42D3-A798-3ABB7D6BA25A}.Net40-Debug|Any CPU.ActiveCfg = Net40-Debug|Any CPU
		{802CEC71-2D1F-42D3-A798-3ABB7D6BA25A}.Net40-Debug|Any CPU.Build.0 = Net40-Debug|Any CPU
		{802CEC71-2D1F-42D3-A798-3ABB7D6BA25A}.Net40-Release|Any CPU.ActiveCfg = Net40-Release|Any CPU
		{802CEC71-2D1F-42D3-A798-3ABB7D6BA25A}.Net40-Release|Any CPU.Build.0 = Net40-Release|Any CPU
		{802CEC71-2D1F-42D3-A798-3ABB7D6BA25A}.Net45-Debug|Any CPU.ActiveCfg = Net45-Debug|Any CPU
		{802CEC71-2D1F-42D3-A798-3ABB7D6BA25A}.Net45-Debug|Any CPU.Build.0 = Net45-Debug|Any CPU
		{802CEC71-2D1F-42D3-A798-3ABB7D6BA25A}.Net45-Release|Any CPU.ActiveCfg = Net45-Release|Any CPU
		{802CEC71-2D1F-42D3-A798-3ABB7D6BA25A}.Net45-Release|Any CPU.Build.0 = Net45-Release|Any CPU
		{802CEC71-2D1F-42D3-A798-3ABB7D6BA25A}.Portable-Debug|Any CPU.ActiveCfg = Portable-Debug|Any CPU
		{802CEC71-2D1F-42D3-A798-3ABB7D6BA25A}.Portable-Debug|Any CPU.Build.0 = Portable-Debug|Any CPU
		{802CEC71-2D1F-42D3-A798-3ABB7D6BA25A}.Portable-Release|Any CPU.ActiveCfg = Portable-Release|Any CPU
		{802CEC71-2D1F-42D3-A798-3ABB7D6BA25A}.Portable-Release|Any CPU.Build.0 = Portable-Release|Any CPU
		{779C466E-5DF8-46D7-82E5-20BFFEF31C77}.Net40-Debug|Any CPU.ActiveCfg = Net40-Debug|Any CPU
		{779C466E-5DF8-46D7-82E5-20BFFEF31C77}.Net40-Release|Any CPU.ActiveCfg = Net40-Release|Any CPU
		{779C466E-5DF8-46D7-82E5-20BFFEF31C77}.Net45-Debug|Any CPU.ActiveCfg = Net45-Debug|Any CPU
		{779C466E-5DF8-46D7-82E5-20BFFEF31C77}.Net45-Debug|Any CPU.Build.0 = Net45-Debug|Any CPU
		{779C466E-5DF8-46D7-82E5-20BFFEF31C77}.Net45-Release|Any CPU.ActiveCfg = Net45-Release|Any CPU
		{779C466E-5DF8-46D7-82E5-20BFFEF31C77}.Net45-Release|Any CPU.Build.0 = Net45-Release|Any CPU
		{779C466E-5DF8-46D7-82E5-20BFFEF31C77}.Portable-Debug|Any CPU.ActiveCfg = Portable-Debug|Any CPU
		{779C466E-5DF8-46D7-82E5-20BFFEF31C77}.Portable-Release|Any CPU.ActiveCfg = Portable-Release|Any CPU
	EndGlobalSection
	GlobalSection(SolutionProperties) = preSolution
		HideSolutionNode = FALSE
	EndGlobalSection
EndGlobal
