
Microsoft Visual Studio Solution File, Format Version 12.00
# Visual Studio 15
VisualStudioVersion = 15.0.28010.2019
MinimumVisualStudioVersion = 10.0.40219.1
Project("{9A19103F-16F7-4668-BE54-9A1E7A4F7556}") = "BingLocalSearch", "BingLocalSearch\BingLocalSearch.csproj", "{E9CFAA11-ADCB-4CE6-8478-ECC4753E7E8F}"
EndProject
Global
	GlobalSection(SolutionConfigurationPlatforms) = preSolution
		Debug|Any CPU = Debug|Any CPU
		Release|Any CPU = Release|Any CPU
	EndGlobalSection
	GlobalSection(ProjectConfigurationPlatforms) = postSolution
		{E9CFAA11-ADCB-4CE6-8478-ECC4753E7E8F}.Debug|Any CPU.ActiveCfg = Debug|Any CPU
		{E9CFAA11-ADCB-4CE6-8478-ECC4753E7E8F}.Debug|Any CPU.Build.0 = Debug|Any CPU
		{E9CFAA11-ADCB-4CE6-8478-ECC4753E7E8F}.Release|Any CPU.ActiveCfg = Release|Any CPU
		{E9CFAA11-ADCB-4CE6-8478-ECC4753E7E8F}.Release|Any CPU.Build.0 = Release|Any CPU
	EndGlobalSection
	GlobalSection(SolutionProperties) = preSolution
		HideSolutionNode = FALSE
	EndGlobalSection
	GlobalSection(ExtensibilityGlobals) = postSolution
		SolutionGuid = {8D427FAB-986B-4B80-8831-4C6B4FCD87F0}
	EndGlobalSection
EndGlobal
