
Microsoft Visual Studio Solution File, Format Version 12.00
# Visual Studio 15
VisualStudioVersion = 15.0.26430.4
MinimumVisualStudioVersion = 10.0.40219.1
Project("{9A19103F-16F7-4668-BE54-9A1E7A4F7556}") = "Microsoft.Azure.CognitiveServices.Vision.ContentModerator", "src\Microsoft.Azure.CognitiveServices.Vision.ContentModerator.csproj", "{6B9AA6F4-51C3-4854-914B-F1CACCCF6C84}"
EndProject
Project("{9A19103F-16F7-4668-BE54-9A1E7A4F7556}") = "Microsoft.Azure.CognitiveServices.Vision.ContentModerator.Tests", "tests\Microsoft.Azure.CognitiveServices.Vision.ContentModerator.Tests.csproj", "{D5912673-70C8-436F-A7C0-E28B8A326A7B}"
EndProject
Global
	GlobalSection(SolutionConfigurationPlatforms) = preSolution
		Debug|Any CPU = Debug|Any CPU
		Release|Any CPU = Release|Any CPU
	EndGlobalSection
	GlobalSection(ProjectConfigurationPlatforms) = postSolution
		{6B9AA6F4-51C3-4854-914B-F1CACCCF6C84}.Debug|Any CPU.ActiveCfg = Debug|Any CPU
		{6B9AA6F4-51C3-4854-914B-F1CACCCF6C84}.Debug|Any CPU.Build.0 = Debug|Any CPU
		{6B9AA6F4-51C3-4854-914B-F1CACCCF6C84}.Release|Any CPU.ActiveCfg = Release|Any CPU
		{6B9AA6F4-51C3-4854-914B-F1CACCCF6C84}.Release|Any CPU.Build.0 = Release|Any CPU
		{D5912673-70C8-436F-A7C0-E28B8A326A7B}.Debug|Any CPU.ActiveCfg = Debug|Any CPU
		{D5912673-70C8-436F-A7C0-E28B8A326A7B}.Debug|Any CPU.Build.0 = Debug|Any CPU
		{D5912673-70C8-436F-A7C0-E28B8A326A7B}.Release|Any CPU.ActiveCfg = Release|Any CPU
		{D5912673-70C8-436F-A7C0-E28B8A326A7B}.Release|Any CPU.Build.0 = Release|Any CPU
		{B63D7F9B-4CCD-4C9F-95E1-4D97DB02B2A2}.Debug|Any CPU.ActiveCfg = Debug|Any CPU
		{B63D7F9B-4CCD-4C9F-95E1-4D97DB02B2A2}.Debug|Any CPU.Build.0 = Debug|Any CPU
		{B63D7F9B-4CCD-4C9F-95E1-4D97DB02B2A2}.Release|Any CPU.ActiveCfg = Release|Any CPU
		{B63D7F9B-4CCD-4C9F-95E1-4D97DB02B2A2}.Release|Any CPU.Build.0 = Release|Any CPU
		{9DE5B383-BDF0-4030-AB7F-D7A4ABBB7499}.Debug|Any CPU.ActiveCfg = Debug|Any CPU
		{9DE5B383-BDF0-4030-AB7F-D7A4ABBB7499}.Debug|Any CPU.Build.0 = Debug|Any CPU
		{9DE5B383-BDF0-4030-AB7F-D7A4ABBB7499}.Release|Any CPU.ActiveCfg = Release|Any CPU
		{9DE5B383-BDF0-4030-AB7F-D7A4ABBB7499}.Release|Any CPU.Build.0 = Release|Any CPU
	EndGlobalSection
	GlobalSection(SolutionProperties) = preSolution
		HideSolutionNode = FALSE
	EndGlobalSection
EndGlobal
