Microsoft Visual Studio Solution File, Format Version 12.00
# Visual Studio 15
VisualStudioVersion = 15.0.27004.2009
MinimumVisualStudioVersion = 15.0.26124.0
Project("{9A19103F-16F7-4668-BE54-9A1E7A4F7556}") = "Microsoft.Azure.CognitiveServices.Language.LUIS.Authoring", "src\Microsoft.Azure.CognitiveServices.Language.LUIS.Authoring.csproj", "{D9CAACC8-96C9-4962-9438-147D9263AB83}"
EndProject
Project("{9A19103F-16F7-4668-BE54-9A1E7A4F7556}") = "Microsoft.Azure.CognitiveServices.Language.LUIS.Authoring.Tests", "tests\Microsoft.Azure.CognitiveServices.Language.LUIS.Authoring.Tests.csproj", "{92885A1F-1C15-4088-8B09-F872DA59177B}"
EndProject
Global
	GlobalSection(SolutionConfigurationPlatforms) = preSolution
		Debug|Any CPU = Debug|Any CPU
		Release|Any CPU = Release|Any CPU
	EndGlobalSection
	GlobalSection(ProjectConfigurationPlatforms) = postSolution
		{D9CAACC8-96C9-4962-9438-147D9263AB83}.Debug|Any CPU.ActiveCfg = Debug|Any CPU
		{D9CAACC8-96C9-4962-9438-147D9263AB83}.Debug|Any CPU.Build.0 = Debug|Any CPU
		{D9CAACC8-96C9-4962-9438-147D9263AB83}.Release|Any CPU.ActiveCfg = Release|Any CPU
		{D9CAACC8-96C9-4962-9438-147D9263AB83}.Release|Any CPU.Build.0 = Release|Any CPU
		{92885A1F-1C15-4088-8B09-F872DA59177B}.Debug|Any CPU.ActiveCfg = Debug|Any CPU
		{92885A1F-1C15-4088-8B09-F872DA59177B}.Debug|Any CPU.Build.0 = Debug|Any CPU
		{92885A1F-1C15-4088-8B09-F872DA59177B}.Release|Any CPU.ActiveCfg = Release|Any CPU
		{92885A1F-1C15-4088-8B09-F872DA59177B}.Release|Any CPU.Build.0 = Release|Any CPU
		{9797D785-EA8E-4F11-B003-4C7D567EE43D}.Debug|Any CPU.ActiveCfg = Debug|Any CPU
		{9797D785-EA8E-4F11-B003-4C7D567EE43D}.Debug|Any CPU.Build.0 = Debug|Any CPU
		{9797D785-EA8E-4F11-B003-4C7D567EE43D}.Release|Any CPU.ActiveCfg = Release|Any CPU
		{9797D785-EA8E-4F11-B003-4C7D567EE43D}.Release|Any CPU.Build.0 = Release|Any CPU
		{6354439E-0039-410B-A610-C8D6559CAA7F}.Debug|Any CPU.ActiveCfg = Debug|Any CPU
		{6354439E-0039-410B-A610-C8D6559CAA7F}.Debug|Any CPU.Build.0 = Debug|Any CPU
		{6354439E-0039-410B-A610-C8D6559CAA7F}.Release|Any CPU.ActiveCfg = Release|Any CPU
		{6354439E-0039-410B-A610-C8D6559CAA7F}.Release|Any CPU.Build.0 = Release|Any CPU
	EndGlobalSection
	GlobalSection(SolutionProperties) = preSolution
		HideSolutionNode = FALSE
	EndGlobalSection
	GlobalSection(ExtensibilityGlobals) = postSolution
		SolutionGuid = {EFBCDA3E-F7DB-403F-9951-428BBD603FDB}
	EndGlobalSection
EndGlobal
