
Microsoft Visual Studio Solution File, Format Version 12.00
# Visual Studio Version 17
VisualStudioVersion = 17.4.33213.308
MinimumVisualStudioVersion = 10.0.40219.1
Project("{9A19103F-16F7-4668-BE54-9A1E7A4F7556}") = "Azure.ResourceManager.DataShare", "src\Azure.ResourceManager.DataShare.csproj", "{357EC713-460A-447C-863D-D365ABC18528}"
EndProject
Project("{9A19103F-16F7-4668-BE54-9A1E7A4F7556}") = "Azure.ResourceManager.DataShare.Tests", "tests\Azure.ResourceManager.DataShare.Tests.csproj", "{E914ED0B-E1DF-4667-8452-2116E11F3C1D}"
EndProject
Global
	GlobalSection(SolutionConfigurationPlatforms) = preSolution
		Debug|Any CPU = Debug|Any CPU
		Debug|x64 = Debug|x64
		Debug|x86 = Debug|x86
		Release|Any CPU = Release|Any CPU
		Release|x64 = Release|x64
		Release|x86 = Release|x86
	EndGlobalSection
	GlobalSection(ProjectConfigurationPlatforms) = postSolution
		{357EC713-460A-447C-863D-D365ABC18528}.Debug|Any CPU.ActiveCfg = Debug|Any CPU
		{357EC713-460A-447C-863D-D365ABC18528}.Debug|Any CPU.Build.0 = Debug|Any CPU
		{357EC713-460A-447C-863D-D365ABC18528}.Debug|x64.ActiveCfg = Debug|Any CPU
		{357EC713-460A-447C-863D-D365ABC18528}.Debug|x64.Build.0 = Debug|Any CPU
		{357EC713-460A-447C-863D-D365ABC18528}.Debug|x86.ActiveCfg = Debug|Any CPU
		{357EC713-460A-447C-863D-D365ABC18528}.Debug|x86.Build.0 = Debug|Any CPU
		{357EC713-460A-447C-863D-D365ABC18528}.Release|Any CPU.ActiveCfg = Release|Any CPU
		{357EC713-460A-447C-863D-D365ABC18528}.Release|Any CPU.Build.0 = Release|Any CPU
		{357EC713-460A-447C-863D-D365ABC18528}.Release|x64.ActiveCfg = Release|Any CPU
		{357EC713-460A-447C-863D-D365ABC18528}.Release|x64.Build.0 = Release|Any CPU
		{357EC713-460A-447C-863D-D365ABC18528}.Release|x86.ActiveCfg = Release|Any CPU
		{357EC713-460A-447C-863D-D365ABC18528}.Release|x86.Build.0 = Release|Any CPU
		{E914ED0B-E1DF-4667-8452-2116E11F3C1D}.Debug|Any CPU.ActiveCfg = Debug|Any CPU
		{E914ED0B-E1DF-4667-8452-2116E11F3C1D}.Debug|Any CPU.Build.0 = Debug|Any CPU
		{E914ED0B-E1DF-4667-8452-2116E11F3C1D}.Debug|x64.ActiveCfg = Debug|Any CPU
		{E914ED0B-E1DF-4667-8452-2116E11F3C1D}.Debug|x64.Build.0 = Debug|Any CPU
		{E914ED0B-E1DF-4667-8452-2116E11F3C1D}.Debug|x86.ActiveCfg = Debug|Any CPU
		{E914ED0B-E1DF-4667-8452-2116E11F3C1D}.Debug|x86.Build.0 = Debug|Any CPU
		{E914ED0B-E1DF-4667-8452-2116E11F3C1D}.Release|Any CPU.ActiveCfg = Release|Any CPU
		{E914ED0B-E1DF-4667-8452-2116E11F3C1D}.Release|Any CPU.Build.0 = Release|Any CPU
		{E914ED0B-E1DF-4667-8452-2116E11F3C1D}.Release|x64.ActiveCfg = Release|Any CPU
		{E914ED0B-E1DF-4667-8452-2116E11F3C1D}.Release|x64.Build.0 = Release|Any CPU
		{E914ED0B-E1DF-4667-8452-2116E11F3C1D}.Release|x86.ActiveCfg = Release|Any CPU
		{E914ED0B-E1DF-4667-8452-2116E11F3C1D}.Release|x86.Build.0 = Release|Any CPU
	EndGlobalSection
	GlobalSection(SolutionProperties) = preSolution
		HideSolutionNode = FALSE
	EndGlobalSection
	GlobalSection(ExtensibilityGlobals) = postSolution
		SolutionGuid = {4B517D25-F92E-4C51-B3D3-3647FBB7FA97}
	EndGlobalSection
EndGlobal
