
Microsoft Visual Studio Solution File, Format Version 12.00
# Visual Studio 15
VisualStudioVersion = 15.0.26730.12
MinimumVisualStudioVersion = 10.0.40219.1
Project("{9A19103F-16F7-4668-BE54-9A1E7A4F7556}") = "OperationalInsights.Tests", "tests\Microsoft.Azure.OperationalInsights.Tests.csproj", "{36862D74-CF80-4758-A212-EAAD501F3CCC}"
EndProject
Project("{9A19103F-16F7-4668-BE54-9A1E7A4F7556}") = "Microsoft.Azure.OperationalInsights", "src\Microsoft.Azure.OperationalInsights.csproj", "{228D393A-FF4B-490B-A5CE-9D4FC6231A6B}"
EndProject
Project("{FAE04EC0-301F-11D3-BF4B-00C04F79EFBC}") = "Microsoft.Rest.ClientRuntime.Azure.TestFramework", "..\..\mgmtcommon\TestFramework\ClientRuntime.Azure.TestFramework\Microsoft.Rest.ClientRuntime.Azure.TestFramework.csproj", "{593C6F86-EF19-444F-9DB3-F8804B930FAB}"
EndProject
Project("{FAE04EC0-301F-11D3-BF4B-00C04F79EFBC}") = "Microsoft.Azure.Test.HttpRecorder", "..\..\mgmtcommon\TestFramework\Microsoft.Azure.Test.HttpRecorder\Microsoft.Azure.Test.HttpRecorder.csproj", "{A88A0916-FCD1-4DCD-A1EA-B7A8B24B93E0}"
EndProject
Global
	GlobalSection(SolutionConfigurationPlatforms) = preSolution
		Debug|Any CPU = Debug|Any CPU
		Release|Any CPU = Release|Any CPU
	EndGlobalSection
	GlobalSection(ProjectConfigurationPlatforms) = postSolution
		{36862D74-CF80-4758-A212-EAAD501F3CCC}.Debug|Any CPU.ActiveCfg = Debug|Any CPU
		{36862D74-CF80-4758-A212-EAAD501F3CCC}.Debug|Any CPU.Build.0 = Debug|Any CPU
		{36862D74-CF80-4758-A212-EAAD501F3CCC}.Release|Any CPU.ActiveCfg = Release|Any CPU
		{36862D74-CF80-4758-A212-EAAD501F3CCC}.Release|Any CPU.Build.0 = Release|Any CPU
		{228D393A-FF4B-490B-A5CE-9D4FC6231A6B}.Debug|Any CPU.ActiveCfg = Debug|Any CPU
		{228D393A-FF4B-490B-A5CE-9D4FC6231A6B}.Debug|Any CPU.Build.0 = Debug|Any CPU
		{228D393A-FF4B-490B-A5CE-9D4FC6231A6B}.Release|Any CPU.ActiveCfg = Release|Any CPU
		{228D393A-FF4B-490B-A5CE-9D4FC6231A6B}.Release|Any CPU.Build.0 = Release|Any CPU
		{593C6F86-EF19-444F-9DB3-F8804B930FAB}.Debug|Any CPU.ActiveCfg = Debug|Any CPU
		{593C6F86-EF19-444F-9DB3-F8804B930FAB}.Debug|Any CPU.Build.0 = Debug|Any CPU
		{593C6F86-EF19-444F-9DB3-F8804B930FAB}.Release|Any CPU.ActiveCfg = Release|Any CPU
		{593C6F86-EF19-444F-9DB3-F8804B930FAB}.Release|Any CPU.Build.0 = Release|Any CPU
		{A88A0916-FCD1-4DCD-A1EA-B7A8B24B93E0}.Debug|Any CPU.ActiveCfg = Debug|Any CPU
		{A88A0916-FCD1-4DCD-A1EA-B7A8B24B93E0}.Debug|Any CPU.Build.0 = Debug|Any CPU
		{A88A0916-FCD1-4DCD-A1EA-B7A8B24B93E0}.Release|Any CPU.ActiveCfg = Release|Any CPU
		{A88A0916-FCD1-4DCD-A1EA-B7A8B24B93E0}.Release|Any CPU.Build.0 = Release|Any CPU
	EndGlobalSection
	GlobalSection(SolutionProperties) = preSolution
		HideSolutionNode = FALSE
	EndGlobalSection
	GlobalSection(ExtensibilityGlobals) = postSolution
		SolutionGuid = {3FBAE932-CA07-4AA7-90FF-774523901410}
	EndGlobalSection
EndGlobal
