Microsoft Visual Studio Solution File, Format Version 12.00
# Visual Studio 15
VisualStudioVersion = 15.0.26403.7
MinimumVisualStudioVersion = 10.0.40219.1
Project("{9A19103F-16F7-4668-BE54-9A1E7A4F7556}") = "Microsoft.Azure.Batch.FileStaging", "src\Microsoft.Azure.Batch.FileStaging.csproj", "{A7B9CD95-7EC3-4CCF-B20F-951FD2D028F1}"
EndProject
Project("{FAE04EC0-301F-11D3-BF4B-00C04F79EFBC}") = "Microsoft.Azure.Batch.FileStaging.Tests", "tests\Microsoft.Azure.Batch.FileStaging.Tests.csproj", "{C809285A-784D-48E4-9D7A-F5685A19F595}"
EndProject
Global
	GlobalSection(SolutionConfigurationPlatforms) = preSolution
		Net45-Debug|Any CPU = Net45-Debug|Any CPU
		Net45-Release|Any CPU = Net45-Release|Any CPU
	EndGlobalSection
	GlobalSection(ProjectConfigurationPlatforms) = postSolution
		{A7B9CD95-7EC3-4CCF-B20F-951FD2D028F1}.Net45-Debug|Any CPU.ActiveCfg = Debug|Any CPU
		{A7B9CD95-7EC3-4CCF-B20F-951FD2D028F1}.Net45-Debug|Any CPU.Build.0 = Debug|Any CPU
		{A7B9CD95-7EC3-4CCF-B20F-951FD2D028F1}.Net45-Release|Any CPU.ActiveCfg = Release|Any CPU
		{A7B9CD95-7EC3-4CCF-B20F-951FD2D028F1}.Net45-Release|Any CPU.Build.0 = Release|Any CPU
		{C809285A-784D-48E4-9D7A-F5685A19F595}.Net45-Debug|Any CPU.ActiveCfg = Debug|Any CPU
		{C809285A-784D-48E4-9D7A-F5685A19F595}.Net45-Debug|Any CPU.Build.0 = Debug|Any CPU
		{C809285A-784D-48E4-9D7A-F5685A19F595}.Net45-Release|Any CPU.ActiveCfg = Release|Any CPU
		{C809285A-784D-48E4-9D7A-F5685A19F595}.Net45-Release|Any CPU.Build.0 = Release|Any CPU
		{48215D6D-DB21-48B8-AB03-1297A94DF696}.Net45-Debug|Any CPU.ActiveCfg = Debug|Any CPU
		{48215D6D-DB21-48B8-AB03-1297A94DF696}.Net45-Debug|Any CPU.Build.0 = Debug|Any CPU
		{48215D6D-DB21-48B8-AB03-1297A94DF696}.Net45-Release|Any CPU.ActiveCfg = Release|Any CPU
		{48215D6D-DB21-48B8-AB03-1297A94DF696}.Net45-Release|Any CPU.Build.0 = Release|Any CPU
		{FFC821E1-F687-4919-AC7C-EE45CCE286F6}.Net45-Debug|Any CPU.ActiveCfg = Debug|Any CPU
		{FFC821E1-F687-4919-AC7C-EE45CCE286F6}.Net45-Debug|Any CPU.Build.0 = Debug|Any CPU
		{FFC821E1-F687-4919-AC7C-EE45CCE286F6}.Net45-Release|Any CPU.ActiveCfg = Debug|Any CPU
		{FFC821E1-F687-4919-AC7C-EE45CCE286F6}.Net45-Release|Any CPU.Build.0 = Debug|Any CPU
		{55A44430-7D2B-4F25-9B8D-75722985336A}.Net45-Debug|Any CPU.ActiveCfg = Debug|Any CPU
		{55A44430-7D2B-4F25-9B8D-75722985336A}.Net45-Debug|Any CPU.Build.0 = Debug|Any CPU
		{55A44430-7D2B-4F25-9B8D-75722985336A}.Net45-Release|Any CPU.ActiveCfg = Debug|Any CPU
		{55A44430-7D2B-4F25-9B8D-75722985336A}.Net45-Release|Any CPU.Build.0 = Debug|Any CPU
	EndGlobalSection
	GlobalSection(SolutionProperties) = preSolution
		HideSolutionNode = FALSE
	EndGlobalSection
EndGlobal
