
Microsoft Visual Studio Solution File, Format Version 12.00
# Visual Studio 15
VisualStudioVersion = 15.0.26228.4
MinimumVisualStudioVersion = 10.0.40219.1
Project("{9A19103F-16F7-4668-BE54-9A1E7A4F7556}") = "Microsoft.Azure.Management.Sql.Tests", "tests\Microsoft.Azure.Management.Sql.Tests.csproj", "{E84E09ED-08E3-4DE4-B769-371EC87C4EE9}"
EndProject
Project("{9A19103F-16F7-4668-BE54-9A1E7A4F7556}") = "Microsoft.Azure.Management.Sql", "src\Microsoft.Azure.Management.Sql.csproj", "{6E1488AC-0EAC-41A3-93CA-0EC60F908C45}"
EndProject
Global
	GlobalSection(SolutionConfigurationPlatforms) = preSolution
		Debug|Any CPU = Debug|Any CPU
		Release|Any CPU = Release|Any CPU
	EndGlobalSection
	GlobalSection(ProjectConfigurationPlatforms) = postSolution
		{E84E09ED-08E3-4DE4-B769-371EC87C4EE9}.Debug|Any CPU.ActiveCfg = Debug|Any CPU
		{E84E09ED-08E3-4DE4-B769-371EC87C4EE9}.Debug|Any CPU.Build.0 = Debug|Any CPU
		{E84E09ED-08E3-4DE4-B769-371EC87C4EE9}.Release|Any CPU.ActiveCfg = Release|Any CPU
		{E84E09ED-08E3-4DE4-B769-371EC87C4EE9}.Release|Any CPU.Build.0 = Release|Any CPU
		{6E1488AC-0EAC-41A3-93CA-0EC60F908C45}.Debug|Any CPU.ActiveCfg = Debug|Any CPU
		{6E1488AC-0EAC-41A3-93CA-0EC60F908C45}.Debug|Any CPU.Build.0 = Debug|Any CPU
		{6E1488AC-0EAC-41A3-93CA-0EC60F908C45}.Release|Any CPU.ActiveCfg = Release|Any CPU
		{6E1488AC-0EAC-41A3-93CA-0EC60F908C45}.Release|Any CPU.Build.0 = Release|Any CPU
	EndGlobalSection
	GlobalSection(SolutionProperties) = preSolution
		HideSolutionNode = FALSE
	EndGlobalSection
EndGlobal
