
Microsoft Visual Studio Solution File, Format Version 12.00
# Visual Studio 15
VisualStudioVersion = 15.0.26228.4
MinimumVisualStudioVersion = 10.0.40219.1
Project("{9A19103F-16F7-4668-BE54-9A1E7A4F7556}") = "Microsoft.Azure.Management.ContainerRegistry.Tests", "tests\Microsoft.Azure.Management.ContainerRegistry.Tests.csproj", "{7912B952-4358-4740-B09E-2D84A371D385}"
EndProject
Project("{9A19103F-16F7-4668-BE54-9A1E7A4F7556}") = "Microsoft.Azure.Management.ContainerRegistry", "src\Microsoft.Azure.Management.ContainerRegistry.csproj", "{70A83F49-9FA9-48EB-A2A4-DB4E7FFE319F}"
EndProject
Global
	GlobalSection(SolutionConfigurationPlatforms) = preSolution
		Debug|Any CPU = Debug|Any CPU
		Release|Any CPU = Release|Any CPU
	EndGlobalSection
	GlobalSection(ProjectConfigurationPlatforms) = postSolution
		{7912B952-4358-4740-B09E-2D84A371D385}.Debug|Any CPU.ActiveCfg = Debug|Any CPU
		{7912B952-4358-4740-B09E-2D84A371D385}.Debug|Any CPU.Build.0 = Debug|Any CPU
		{7912B952-4358-4740-B09E-2D84A371D385}.Release|Any CPU.ActiveCfg = Release|Any CPU
		{7912B952-4358-4740-B09E-2D84A371D385}.Release|Any CPU.Build.0 = Release|Any CPU
		{70A83F49-9FA9-48EB-A2A4-DB4E7FFE319F}.Debug|Any CPU.ActiveCfg = Debug|Any CPU
		{70A83F49-9FA9-48EB-A2A4-DB4E7FFE319F}.Debug|Any CPU.Build.0 = Debug|Any CPU
		{70A83F49-9FA9-48EB-A2A4-DB4E7FFE319F}.Release|Any CPU.ActiveCfg = Release|Any CPU
		{70A83F49-9FA9-48EB-A2A4-DB4E7FFE319F}.Release|Any CPU.Build.0 = Release|Any CPU
	EndGlobalSection
	GlobalSection(SolutionProperties) = preSolution
		HideSolutionNode = FALSE
	EndGlobalSection
EndGlobal
