
Microsoft Visual Studio Solution File, Format Version 12.00
# Visual Studio 15
VisualStudioVersion = 15.0.26228.4
MinimumVisualStudioVersion = 10.0.40219.1
Project("{9A19103F-16F7-4668-BE54-9A1E7A4F7556}") = "Microsoft.Azure.Management.DataLakeAnalytics.Tests", "tests\Microsoft.Azure.Management.DataLakeAnalytics.Tests.csproj", "{04B4A8C0-95B4-4139-BE8E-885E087F5205}"
EndProject
Project("{9A19103F-16F7-4668-BE54-9A1E7A4F7556}") = "Microsoft.Azure.Management.DataLake.Analytics", "src\Microsoft.Azure.Management.DataLake.Analytics.csproj", "{800404D1-7FEF-4159-9E96-C50928469EDF}"
EndProject
Project("{FAE04EC0-301F-11D3-BF4B-00C04F79EFBC}") = "Microsoft.Azure.Test.HttpRecorder", "..\..\mgmtcommon\TestFramework\Microsoft.Azure.Test.HttpRecorder\Microsoft.Azure.Test.HttpRecorder.csproj", "{79631E1C-08CC-4351-9C70-8CB773D7D44B}"
EndProject
Project("{FAE04EC0-301F-11D3-BF4B-00C04F79EFBC}") = "Microsoft.Rest.ClientRuntime.Azure.TestFramework", "..\..\mgmtcommon\TestFramework\ClientRuntime.Azure.TestFramework\Microsoft.Rest.ClientRuntime.Azure.TestFramework.csproj", "{E4B11EE7-C43F-4358-B3E3-15FC834317C2}"
EndProject
Global
	GlobalSection(SolutionConfigurationPlatforms) = preSolution
		Debug|Any CPU = Debug|Any CPU
		Release|Any CPU = Release|Any CPU
	EndGlobalSection
	GlobalSection(ProjectConfigurationPlatforms) = postSolution
		{04B4A8C0-95B4-4139-BE8E-885E087F5205}.Debug|Any CPU.ActiveCfg = Debug|Any CPU
		{04B4A8C0-95B4-4139-BE8E-885E087F5205}.Debug|Any CPU.Build.0 = Debug|Any CPU
		{04B4A8C0-95B4-4139-BE8E-885E087F5205}.Release|Any CPU.ActiveCfg = Release|Any CPU
		{04B4A8C0-95B4-4139-BE8E-885E087F5205}.Release|Any CPU.Build.0 = Release|Any CPU
		{800404D1-7FEF-4159-9E96-C50928469EDF}.Debug|Any CPU.ActiveCfg = Debug|Any CPU
		{800404D1-7FEF-4159-9E96-C50928469EDF}.Debug|Any CPU.Build.0 = Debug|Any CPU
		{800404D1-7FEF-4159-9E96-C50928469EDF}.Release|Any CPU.ActiveCfg = Release|Any CPU
		{800404D1-7FEF-4159-9E96-C50928469EDF}.Release|Any CPU.Build.0 = Release|Any CPU
		{79631E1C-08CC-4351-9C70-8CB773D7D44B}.Debug|Any CPU.ActiveCfg = Debug|Any CPU
		{79631E1C-08CC-4351-9C70-8CB773D7D44B}.Debug|Any CPU.Build.0 = Debug|Any CPU
		{79631E1C-08CC-4351-9C70-8CB773D7D44B}.Release|Any CPU.ActiveCfg = Release|Any CPU
		{79631E1C-08CC-4351-9C70-8CB773D7D44B}.Release|Any CPU.Build.0 = Release|Any CPU
		{E4B11EE7-C43F-4358-B3E3-15FC834317C2}.Debug|Any CPU.ActiveCfg = Debug|Any CPU
		{E4B11EE7-C43F-4358-B3E3-15FC834317C2}.Debug|Any CPU.Build.0 = Debug|Any CPU
		{E4B11EE7-C43F-4358-B3E3-15FC834317C2}.Release|Any CPU.ActiveCfg = Release|Any CPU
		{E4B11EE7-C43F-4358-B3E3-15FC834317C2}.Release|Any CPU.Build.0 = Release|Any CPU
	EndGlobalSection
	GlobalSection(SolutionProperties) = preSolution
		HideSolutionNode = FALSE
	EndGlobalSection
EndGlobal
