
Microsoft Visual Studio Solution File, Format Version 12.00
# Visual Studio 15
VisualStudioVersion = 15.0.26430.16
MinimumVisualStudioVersion = 10.0.40219.1
Project("{9A19103F-16F7-4668-BE54-9A1E7A4F7556}") = "Microsoft.Azure.Management.DataMigration.Tests", "tests\Microsoft.Azure.Management.DataMigration.Tests.csproj", "{CCDAE481-FF4A-4018-88EF-C3FE4AEB4C8B}"
EndProject
Project("{9A19103F-16F7-4668-BE54-9A1E7A4F7556}") = "Microsoft.Azure.Management.DataMigration", "src\Microsoft.Azure.Management.DataMigration.csproj", "{18EFDFC3-523F-4AA2-BD40-21CB366C83EF}"
EndProject
Project("{FAE04EC0-301F-11D3-BF4B-00C04F79EFBC}") = "Microsoft.Azure.Test.HttpRecorder", "..\..\mgmtcommon\TestFramework\Microsoft.Azure.Test.HttpRecorder\Microsoft.Azure.Test.HttpRecorder.csproj", "{1CB231E2-48B4-4B4B-BBF6-D1B1D31B0C0D}"
EndProject
Project("{FAE04EC0-301F-11D3-BF4B-00C04F79EFBC}") = "Microsoft.Rest.ClientRuntime.Azure.TestFramework", "..\..\mgmtcommon\TestFramework\ClientRuntime.Azure.TestFramework\Microsoft.Rest.ClientRuntime.Azure.TestFramework.csproj", "{12A2DFA2-EC03-4FEC-9BF6-B971D4DDF11E}"
EndProject
Global
	GlobalSection(SolutionConfigurationPlatforms) = preSolution
		Debug|Any CPU = Debug|Any CPU
		Release|Any CPU = Release|Any CPU
	EndGlobalSection
	GlobalSection(ProjectConfigurationPlatforms) = postSolution
		{CCDAE481-FF4A-4018-88EF-C3FE4AEB4C8B}.Debug|Any CPU.ActiveCfg = Debug|Any CPU
		{CCDAE481-FF4A-4018-88EF-C3FE4AEB4C8B}.Debug|Any CPU.Build.0 = Debug|Any CPU
		{CCDAE481-FF4A-4018-88EF-C3FE4AEB4C8B}.Release|Any CPU.ActiveCfg = Release|Any CPU
		{CCDAE481-FF4A-4018-88EF-C3FE4AEB4C8B}.Release|Any CPU.Build.0 = Release|Any CPU
		{18EFDFC3-523F-4AA2-BD40-21CB366C83EF}.Debug|Any CPU.ActiveCfg = Debug|Any CPU
		{18EFDFC3-523F-4AA2-BD40-21CB366C83EF}.Debug|Any CPU.Build.0 = Debug|Any CPU
		{18EFDFC3-523F-4AA2-BD40-21CB366C83EF}.Release|Any CPU.ActiveCfg = Release|Any CPU
		{18EFDFC3-523F-4AA2-BD40-21CB366C83EF}.Release|Any CPU.Build.0 = Release|Any CPU
		{1CB231E2-48B4-4B4B-BBF6-D1B1D31B0C0D}.Debug|Any CPU.ActiveCfg = Debug|Any CPU
		{1CB231E2-48B4-4B4B-BBF6-D1B1D31B0C0D}.Debug|Any CPU.Build.0 = Debug|Any CPU
		{1CB231E2-48B4-4B4B-BBF6-D1B1D31B0C0D}.Release|Any CPU.ActiveCfg = Release|Any CPU
		{1CB231E2-48B4-4B4B-BBF6-D1B1D31B0C0D}.Release|Any CPU.Build.0 = Release|Any CPU
		{12A2DFA2-EC03-4FEC-9BF6-B971D4DDF11E}.Debug|Any CPU.ActiveCfg = Debug|Any CPU
		{12A2DFA2-EC03-4FEC-9BF6-B971D4DDF11E}.Debug|Any CPU.Build.0 = Debug|Any CPU
		{12A2DFA2-EC03-4FEC-9BF6-B971D4DDF11E}.Release|Any CPU.ActiveCfg = Release|Any CPU
		{12A2DFA2-EC03-4FEC-9BF6-B971D4DDF11E}.Release|Any CPU.Build.0 = Release|Any CPU
	EndGlobalSection
	GlobalSection(SolutionProperties) = preSolution
		HideSolutionNode = FALSE
	EndGlobalSection
EndGlobal
