
Microsoft Visual Studio Solution File, Format Version 12.00
# Visual Studio 15
VisualStudioVersion = 15.0.26228.4
MinimumVisualStudioVersion = 10.0.40219.1
Project("{9A19103F-16F7-4668-BE54-9A1E7A4F7556}") = "Microsoft.Azure.Management.ServerManagement.Tests", "tests\Microsoft.Azure.Management.ServerManagement.Tests.csproj", "{DAAF0E55-BF01-475E-BCD9-66EB7C134B72}"
EndProject
Project("{9A19103F-16F7-4668-BE54-9A1E7A4F7556}") = "Microsoft.Azure.Management.ServerManagement", "src\Microsoft.Azure.Management.ServerManagement.csproj", "{496D026D-5B52-4494-9BAC-2CD7ADF80C4F}"
EndProject
Project("{FAE04EC0-301F-11D3-BF4B-00C04F79EFBC}") = "Microsoft.Azure.Test.HttpRecorder", "..\..\mgmtcommon\TestFramework\Microsoft.Azure.Test.HttpRecorder\Microsoft.Azure.Test.HttpRecorder.csproj", "{68527A3C-54AF-434E-B3F5-976C518E3BEA}"
EndProject
Project("{FAE04EC0-301F-11D3-BF4B-00C04F79EFBC}") = "Microsoft.Rest.ClientRuntime.Azure.TestFramework", "..\..\mgmtcommon\TestFramework\ClientRuntime.Azure.TestFramework\Microsoft.Rest.ClientRuntime.Azure.TestFramework.csproj", "{EC5D34DF-3F07-42C3-9BDA-65685E665965}"
EndProject
Global
	GlobalSection(SolutionConfigurationPlatforms) = preSolution
		Debug|Any CPU = Debug|Any CPU
		Release|Any CPU = Release|Any CPU
	EndGlobalSection
	GlobalSection(ProjectConfigurationPlatforms) = postSolution
		{DAAF0E55-BF01-475E-BCD9-66EB7C134B72}.Debug|Any CPU.ActiveCfg = Debug|Any CPU
		{DAAF0E55-BF01-475E-BCD9-66EB7C134B72}.Debug|Any CPU.Build.0 = Debug|Any CPU
		{DAAF0E55-BF01-475E-BCD9-66EB7C134B72}.Release|Any CPU.ActiveCfg = Release|Any CPU
		{DAAF0E55-BF01-475E-BCD9-66EB7C134B72}.Release|Any CPU.Build.0 = Release|Any CPU
		{496D026D-5B52-4494-9BAC-2CD7ADF80C4F}.Debug|Any CPU.ActiveCfg = Debug|Any CPU
		{496D026D-5B52-4494-9BAC-2CD7ADF80C4F}.Debug|Any CPU.Build.0 = Debug|Any CPU
		{496D026D-5B52-4494-9BAC-2CD7ADF80C4F}.Release|Any CPU.ActiveCfg = Release|Any CPU
		{496D026D-5B52-4494-9BAC-2CD7ADF80C4F}.Release|Any CPU.Build.0 = Release|Any CPU
		{68527A3C-54AF-434E-B3F5-976C518E3BEA}.Debug|Any CPU.ActiveCfg = Debug|Any CPU
		{68527A3C-54AF-434E-B3F5-976C518E3BEA}.Debug|Any CPU.Build.0 = Debug|Any CPU
		{68527A3C-54AF-434E-B3F5-976C518E3BEA}.Release|Any CPU.ActiveCfg = Release|Any CPU
		{68527A3C-54AF-434E-B3F5-976C518E3BEA}.Release|Any CPU.Build.0 = Release|Any CPU
		{EC5D34DF-3F07-42C3-9BDA-65685E665965}.Debug|Any CPU.ActiveCfg = Debug|Any CPU
		{EC5D34DF-3F07-42C3-9BDA-65685E665965}.Debug|Any CPU.Build.0 = Debug|Any CPU
		{EC5D34DF-3F07-42C3-9BDA-65685E665965}.Release|Any CPU.ActiveCfg = Release|Any CPU
		{EC5D34DF-3F07-42C3-9BDA-65685E665965}.Release|Any CPU.Build.0 = Release|Any CPU
	EndGlobalSection
	GlobalSection(SolutionProperties) = preSolution
		HideSolutionNode = FALSE
	EndGlobalSection
EndGlobal
