
Microsoft Visual Studio Solution File, Format Version 12.00
# Visual Studio 15
VisualStudioVersion = 15.0.28307.168
MinimumVisualStudioVersion = 10.0.40219.1
Project("{9A19103F-16F7-4668-BE54-9A1E7A4F7556}") = "Microsoft.Azure.Management.Kubernetes", "src\Microsoft.Azure.Management.Kubernetes.csproj", "{B24D7401-513C-4C3C-8EDF-183A0FBBED3C}"
EndProject
Project("{9A19103F-16F7-4668-BE54-9A1E7A4F7556}") = "Microsoft.Azure.Management.Kubernetes.Tests", "tests\Microsoft.Azure.Management.Kubernetes.Tests.csproj", "{FF008EB1-C05C-427A-A571-A53E37A6DC1A}"
EndProject
Global
	GlobalSection(SolutionConfigurationPlatforms) = preSolution
		Debug|Any CPU = Debug|Any CPU
		Release|Any CPU = Release|Any CPU
	EndGlobalSection
	GlobalSection(ProjectConfigurationPlatforms) = postSolution
		{B24D7401-513C-4C3C-8EDF-183A0FBBED3C}.Debug|Any CPU.ActiveCfg = Debug|Any CPU
		{B24D7401-513C-4C3C-8EDF-183A0FBBED3C}.Debug|Any CPU.Build.0 = Debug|Any CPU
		{B24D7401-513C-4C3C-8EDF-183A0FBBED3C}.Release|Any CPU.ActiveCfg = Release|Any CPU
		{B24D7401-513C-4C3C-8EDF-183A0FBBED3C}.Release|Any CPU.Build.0 = Release|Any CPU
		{FF008EB1-C05C-427A-A571-A53E37A6DC1A}.Debug|Any CPU.ActiveCfg = Debug|Any CPU
		{FF008EB1-C05C-427A-A571-A53E37A6DC1A}.Debug|Any CPU.Build.0 = Debug|Any CPU
		{FF008EB1-C05C-427A-A571-A53E37A6DC1A}.Release|Any CPU.ActiveCfg = Release|Any CPU
		{FF008EB1-C05C-427A-A571-A53E37A6DC1A}.Release|Any CPU.Build.0 = Release|Any CPU
	EndGlobalSection
	GlobalSection(SolutionProperties) = preSolution
		HideSolutionNode = FALSE
	EndGlobalSection
	GlobalSection(ExtensibilityGlobals) = postSolution
		SolutionGuid = {A89CDA3D-F790-495C-9C33-C42F4D80090C}
	EndGlobalSection
EndGlobal
