
Microsoft Visual Studio Solution File, Format Version 12.00
# Visual Studio Version 17
VisualStudioVersion = 17.0.31717.71
MinimumVisualStudioVersion = 10.0.40219.1
Project("{D954291E-2A0B-460D-934E-DC6B0785DB48}") = "Azure.Analytics.Synapse.Shared", "Azure.Analytics.Synapse.Shared\src\Azure.Analytics.Synapse.Shared.shproj", "{6742C536-BD25-45D9-9296-E43F03BA888D}"
EndProject
Project("{9A19103F-16F7-4668-BE54-9A1E7A4F7556}") = "Azure.Analytics.Synapse.Artifacts", "Azure.Analytics.Synapse.Artifacts\src\Azure.Analytics.Synapse.Artifacts.csproj", "{5E1BFD9E-D39F-4EA3-8FDF-800085147BBE}"
EndProject
Project("{D954291E-2A0B-460D-934E-DC6B0785DB48}") = "Azure.Analytics.Synapse.Shared.Tests", "Azure.Analytics.Synapse.Shared\tests\Azure.Analytics.Synapse.Shared.Tests.shproj", "{1AFA2644-A1D9-419F-B87D-9B519B673F24}"
EndProject
Project("{9A19103F-16F7-4668-BE54-9A1E7A4F7556}") = "Azure.Analytics.Synapse.Artifacts.Tests", "Azure.Analytics.Synapse.Artifacts\tests\Azure.Analytics.Synapse.Artifacts.Tests.csproj", "{E07E4070-92D6-41E6-8360-F277A5682C48}"
EndProject
Project("{9A19103F-16F7-4668-BE54-9A1E7A4F7556}") = "Azure.Core.TestFramework", "..\core\Azure.Core.TestFramework\src\Azure.Core.TestFramework.csproj", "{5F3EE47C-1F9F-427D-A6A8-60F032753BDE}"
EndProject

Global
	GlobalSection(SharedMSBuildProjectFiles) = preSolution
		Azure.Analytics.Synapse.Shared\tests\Azure.Analytics.Synapse.Shared.Tests.projitems*{1afa2644-a1d9-419f-b87d-9b519b673f24}*SharedItemsImports = 13
		Azure.Analytics.Synapse.Shared\src\Azure.Analytics.Synapse.Shared.projitems*{5e1bfd9e-d39f-4ea3-8fdf-800085147bbe}*SharedItemsImports = 5
		Azure.Analytics.Synapse.Shared\src\Azure.Analytics.Synapse.Shared.projitems*{6742c536-bd25-45d9-9296-e43f03ba888d}*SharedItemsImports = 13
		Azure.Analytics.Synapse.Shared\tests\Azure.Analytics.Synapse.Shared.Tests.projitems*{e07e4070-92d6-41e6-8360-f277a5682c48}*SharedItemsImports = 5
	EndGlobalSection
	GlobalSection(SolutionConfigurationPlatforms) = preSolution
		Debug|Any CPU = Debug|Any CPU
		Release|Any CPU = Release|Any CPU
	EndGlobalSection
	GlobalSection(ProjectConfigurationPlatforms) = postSolution
		{5E1BFD9E-D39F-4EA3-8FDF-800085147BBE}.Debug|Any CPU.ActiveCfg = Debug|Any CPU
		{5E1BFD9E-D39F-4EA3-8FDF-800085147BBE}.Debug|Any CPU.Build.0 = Debug|Any CPU
		{5E1BFD9E-D39F-4EA3-8FDF-800085147BBE}.Release|Any CPU.ActiveCfg = Release|Any CPU
		{5E1BFD9E-D39F-4EA3-8FDF-800085147BBE}.Release|Any CPU.Build.0 = Release|Any CPU
		{E07E4070-92D6-41E6-8360-F277A5682C48}.Debug|Any CPU.ActiveCfg = Debug|Any CPU
		{E07E4070-92D6-41E6-8360-F277A5682C48}.Debug|Any CPU.Build.0 = Debug|Any CPU
		{E07E4070-92D6-41E6-8360-F277A5682C48}.Release|Any CPU.ActiveCfg = Release|Any CPU
		{E07E4070-92D6-41E6-8360-F277A5682C48}.Release|Any CPU.Build.0 = Release|Any CPU
		{5F3EE47C-1F9F-427D-A6A8-60F032753BDE}.Debug|Any CPU.ActiveCfg = Debug|Any CPU
		{5F3EE47C-1F9F-427D-A6A8-60F032753BDE}.Debug|Any CPU.Build.0 = Debug|Any CPU
		{5F3EE47C-1F9F-427D-A6A8-60F032753BDE}.Release|Any CPU.ActiveCfg = Release|Any CPU
		{5F3EE47C-1F9F-427D-A6A8-60F032753BDE}.Release|Any CPU.Build.0 = Release|Any CPU
		{C97510BD-D704-4FE5-8B04-80BD267DFC51}.Debug|Any CPU.ActiveCfg = Debug|Any CPU
		{C97510BD-D704-4FE5-8B04-80BD267DFC51}.Debug|Any CPU.Build.0 = Debug|Any CPU
		{C97510BD-D704-4FE5-8B04-80BD267DFC51}.Release|Any CPU.ActiveCfg = Release|Any CPU
		{C97510BD-D704-4FE5-8B04-80BD267DFC51}.Release|Any CPU.Build.0 = Release|Any CPU
		{02A34436-0CB1-43C3-8CD5-4EC450171055}.Debug|Any CPU.ActiveCfg = Debug|Any CPU
		{02A34436-0CB1-43C3-8CD5-4EC450171055}.Debug|Any CPU.Build.0 = Debug|Any CPU
		{02A34436-0CB1-43C3-8CD5-4EC450171055}.Release|Any CPU.ActiveCfg = Release|Any CPU
		{02A34436-0CB1-43C3-8CD5-4EC450171055}.Release|Any CPU.Build.0 = Release|Any CPU
	EndGlobalSection
	GlobalSection(SolutionProperties) = preSolution
		HideSolutionNode = FALSE
	EndGlobalSection
	GlobalSection(ExtensibilityGlobals) = postSolution
		SolutionGuid = {A97F4B90-2591-4689-B1F8-5F21FE6D6CAE}
	EndGlobalSection
EndGlobal
