
Microsoft Visual Studio Solution File, Format Version 12.00
# Visual Studio Version 17
VisualStudioVersion = 17.8.34219.65
MinimumVisualStudioVersion = 10.0.40219.1
Project("{9A19103F-16F7-4668-BE54-9A1E7A4F7556}") = "Azure.ResourceManager.DeviceUpdate", "src\Azure.ResourceManager.DeviceUpdate.csproj", "{6A15F2E5-3E65-44F5-911D-E0BF49C6BAE9}"
EndProject
Project("{9A19103F-16F7-4668-BE54-9A1E7A4F7556}") = "Azure.ResourceManager.DeviceUpdate.Tests", "tests\Azure.ResourceManager.DeviceUpdate.Tests.csproj", "{06361970-B817-48D4-9803-48BE26523ED8}"
EndProject
Project("{9A19103F-16F7-4668-BE54-9A1E7A4F7556}") = "Azure.ResourceManager.DeviceUpdate.Samples", "samples\Azure.ResourceManager.DeviceUpdate.Samples.csproj", "{478A84E9-67B3-4ADD-9A7C-6AFF591F5DCA}"
EndProject
Global
	GlobalSection(SolutionConfigurationPlatforms) = preSolution
		Debug|Any CPU = Debug|Any CPU
		Debug|x64 = Debug|x64
		Debug|x86 = Debug|x86
		Release|Any CPU = Release|Any CPU
		Release|x64 = Release|x64
		Release|x86 = Release|x86
	EndGlobalSection
	GlobalSection(ProjectConfigurationPlatforms) = postSolution
		{6A15F2E5-3E65-44F5-911D-E0BF49C6BAE9}.Debug|Any CPU.ActiveCfg = Debug|Any CPU
		{6A15F2E5-3E65-44F5-911D-E0BF49C6BAE9}.Debug|Any CPU.Build.0 = Debug|Any CPU
		{6A15F2E5-3E65-44F5-911D-E0BF49C6BAE9}.Debug|x64.ActiveCfg = Debug|Any CPU
		{6A15F2E5-3E65-44F5-911D-E0BF49C6BAE9}.Debug|x64.Build.0 = Debug|Any CPU
		{6A15F2E5-3E65-44F5-911D-E0BF49C6BAE9}.Debug|x86.ActiveCfg = Debug|Any CPU
		{6A15F2E5-3E65-44F5-911D-E0BF49C6BAE9}.Debug|x86.Build.0 = Debug|Any CPU
		{6A15F2E5-3E65-44F5-911D-E0BF49C6BAE9}.Release|Any CPU.ActiveCfg = Release|Any CPU
		{6A15F2E5-3E65-44F5-911D-E0BF49C6BAE9}.Release|Any CPU.Build.0 = Release|Any CPU
		{6A15F2E5-3E65-44F5-911D-E0BF49C6BAE9}.Release|x64.ActiveCfg = Release|Any CPU
		{6A15F2E5-3E65-44F5-911D-E0BF49C6BAE9}.Release|x64.Build.0 = Release|Any CPU
		{6A15F2E5-3E65-44F5-911D-E0BF49C6BAE9}.Release|x86.ActiveCfg = Release|Any CPU
		{6A15F2E5-3E65-44F5-911D-E0BF49C6BAE9}.Release|x86.Build.0 = Release|Any CPU
		{06361970-B817-48D4-9803-48BE26523ED8}.Debug|Any CPU.ActiveCfg = Debug|Any CPU
		{06361970-B817-48D4-9803-48BE26523ED8}.Debug|Any CPU.Build.0 = Debug|Any CPU
		{06361970-B817-48D4-9803-48BE26523ED8}.Debug|x64.ActiveCfg = Debug|Any CPU
		{06361970-B817-48D4-9803-48BE26523ED8}.Debug|x64.Build.0 = Debug|Any CPU
		{06361970-B817-48D4-9803-48BE26523ED8}.Debug|x86.ActiveCfg = Debug|Any CPU
		{06361970-B817-48D4-9803-48BE26523ED8}.Debug|x86.Build.0 = Debug|Any CPU
		{06361970-B817-48D4-9803-48BE26523ED8}.Release|Any CPU.ActiveCfg = Release|Any CPU
		{06361970-B817-48D4-9803-48BE26523ED8}.Release|Any CPU.Build.0 = Release|Any CPU
		{06361970-B817-48D4-9803-48BE26523ED8}.Release|x64.ActiveCfg = Release|Any CPU
		{06361970-B817-48D4-9803-48BE26523ED8}.Release|x64.Build.0 = Release|Any CPU
		{06361970-B817-48D4-9803-48BE26523ED8}.Release|x86.ActiveCfg = Release|Any CPU
		{06361970-B817-48D4-9803-48BE26523ED8}.Release|x86.Build.0 = Release|Any CPU
		{02452114-797D-4E64-B049-CAFE98594AAA}.Debug|Any CPU.ActiveCfg = Debug|Any CPU
		{02452114-797D-4E64-B049-CAFE98594AAA}.Debug|Any CPU.Build.0 = Debug|Any CPU
		{02452114-797D-4E64-B049-CAFE98594AAA}.Debug|x64.ActiveCfg = Debug|Any CPU
		{02452114-797D-4E64-B049-CAFE98594AAA}.Debug|x64.Build.0 = Debug|Any CPU
		{02452114-797D-4E64-B049-CAFE98594AAA}.Debug|x86.ActiveCfg = Debug|Any CPU
		{02452114-797D-4E64-B049-CAFE98594AAA}.Debug|x86.Build.0 = Debug|Any CPU
		{02452114-797D-4E64-B049-CAFE98594AAA}.Release|Any CPU.ActiveCfg = Release|Any CPU
		{02452114-797D-4E64-B049-CAFE98594AAA}.Release|Any CPU.Build.0 = Release|Any CPU
		{02452114-797D-4E64-B049-CAFE98594AAA}.Release|x64.ActiveCfg = Release|Any CPU
		{02452114-797D-4E64-B049-CAFE98594AAA}.Release|x64.Build.0 = Release|Any CPU
		{02452114-797D-4E64-B049-CAFE98594AAA}.Release|x86.ActiveCfg = Release|Any CPU
		{02452114-797D-4E64-B049-CAFE98594AAA}.Release|x86.Build.0 = Release|Any CPU
		{478A84E9-67B3-4ADD-9A7C-6AFF591F5DCA}.Debug|Any CPU.ActiveCfg = Debug|Any CPU
		{478A84E9-67B3-4ADD-9A7C-6AFF591F5DCA}.Debug|Any CPU.Build.0 = Debug|Any CPU
		{478A84E9-67B3-4ADD-9A7C-6AFF591F5DCA}.Debug|x64.ActiveCfg = Debug|Any CPU
		{478A84E9-67B3-4ADD-9A7C-6AFF591F5DCA}.Debug|x64.Build.0 = Debug|Any CPU
		{478A84E9-67B3-4ADD-9A7C-6AFF591F5DCA}.Debug|x86.ActiveCfg = Debug|Any CPU
		{478A84E9-67B3-4ADD-9A7C-6AFF591F5DCA}.Debug|x86.Build.0 = Debug|Any CPU
		{478A84E9-67B3-4ADD-9A7C-6AFF591F5DCA}.Release|Any CPU.ActiveCfg = Release|Any CPU
		{478A84E9-67B3-4ADD-9A7C-6AFF591F5DCA}.Release|Any CPU.Build.0 = Release|Any CPU
		{478A84E9-67B3-4ADD-9A7C-6AFF591F5DCA}.Release|x64.ActiveCfg = Release|Any CPU
		{478A84E9-67B3-4ADD-9A7C-6AFF591F5DCA}.Release|x64.Build.0 = Release|Any CPU
		{478A84E9-67B3-4ADD-9A7C-6AFF591F5DCA}.Release|x86.ActiveCfg = Release|Any CPU
		{478A84E9-67B3-4ADD-9A7C-6AFF591F5DCA}.Release|x86.Build.0 = Release|Any CPU
	EndGlobalSection
	GlobalSection(SolutionProperties) = preSolution
		HideSolutionNode = FALSE
	EndGlobalSection
	GlobalSection(ExtensibilityGlobals) = postSolution
		SolutionGuid = {48DFBBC2-67A1-41DC-B27A-6E9AB8D9C66A}
	EndGlobalSection
EndGlobal
