
Microsoft Visual Studio Solution File, Format Version 12.00
# Visual Studio 15
VisualStudioVersion = 15.0.28307.271
MinimumVisualStudioVersion = 10.0.40219.1
Project("{9A19103F-16F7-4668-BE54-9A1E7A4F7556}") = "HDInsight.Tests", "HDInsight.Tests\HDInsight.Tests.csproj", "{4CA4CFBE-F170-434C-B4D1-2C3258F39B7E}"
EndProject
Project("{9A19103F-16F7-4668-BE54-9A1E7A4F7556}") = "Management.HDInsight", "Microsoft.Azure.Management.HDInsight\Management.HDInsight.csproj", "{ECA88010-E126-4BA5-AACA-3194265A404E}"
EndProject
Global
	GlobalSection(SolutionConfigurationPlatforms) = preSolution
		Debug|Any CPU = Debug|Any CPU
		Release|Any CPU = Release|Any CPU
	EndGlobalSection
	GlobalSection(ProjectConfigurationPlatforms) = postSolution
		{4CA4CFBE-F170-434C-B4D1-2C3258F39B7E}.Debug|Any CPU.ActiveCfg = Debug|Any CPU
		{4CA4CFBE-F170-434C-B4D1-2C3258F39B7E}.Debug|Any CPU.Build.0 = Debug|Any CPU
		{4CA4CFBE-F170-434C-B4D1-2C3258F39B7E}.Release|Any CPU.ActiveCfg = Release|Any CPU
		{4CA4CFBE-F170-434C-B4D1-2C3258F39B7E}.Release|Any CPU.Build.0 = Release|Any CPU
		{ECA88010-E126-4BA5-AACA-3194265A404E}.Debug|Any CPU.ActiveCfg = Debug|Any CPU
		{ECA88010-E126-4BA5-AACA-3194265A404E}.Debug|Any CPU.Build.0 = Debug|Any CPU
		{ECA88010-E126-4BA5-AACA-3194265A404E}.Release|Any CPU.ActiveCfg = Release|Any CPU
		{ECA88010-E126-4BA5-AACA-3194265A404E}.Release|Any CPU.Build.0 = Release|Any CPU
	EndGlobalSection
	GlobalSection(SolutionProperties) = preSolution
		HideSolutionNode = FALSE
	EndGlobalSection
	GlobalSection(ExtensibilityGlobals) = postSolution
		SolutionGuid = {53162F30-A0FF-4164-A847-CA082AEF7D16}
	EndGlobalSection
EndGlobal
