
Microsoft Visual Studio Solution File, Format Version 12.00
# Visual Studio Version 16
VisualStudioVersion = 16.0.30309.148
MinimumVisualStudioVersion = 10.0.40219.1
Project("{1E6BE150-80A0-469F-A626-C5682223B0C5}") = "Azure.ResourceManager.RecoveryServicesDataReplication", "src\Azure.ResourceManager.RecoveryServicesDataReplication.csproj", "{1775B6A5-4FBD-4C1C-8706-9EB7255D9250}"
EndProject
Project("{1E6BE150-80A0-469F-A626-C5682223B0C5}") = "Azure.ResourceManager.RecoveryServicesDataReplication.Tests", "tests\Azure.ResourceManager.RecoveryServicesDataReplication.Tests.csproj", "{79B07CBA-306F-4751-B5C2-331BF43915BF}"
EndProject
Project("{1E6BE150-80A0-469F-A626-C5682223B0C5}") = "Azure.ResourceManager.RecoveryServicesDataReplication.Samples", "samples\Azure.ResourceManager.RecoveryServicesDataReplication.Samples.csproj", "{D90AF335-8E01-4C46-9ED5-C65ACB95A85D}"
EndProject
Global
	GlobalSection(SolutionProperties) = preSolution
		HideSolutionNode = FALSE
	EndGlobalSection
	GlobalSection(ExtensibilityGlobals) = postSolution
		SolutionGuid = {869BDEB2-F2E0-444C-A96E-0701FE6EA7CC}
	EndGlobalSection
	GlobalSection(SolutionConfigurationPlatforms) = preSolution
		Debug|Any CPU = Debug|Any CPU
		Debug|x64 = Debug|x64
		Debug|x86 = Debug|x86
		Release|Any CPU = Release|Any CPU
		Release|x64 = Release|x64
		Release|x86 = Release|x86
	EndGlobalSection
	GlobalSection(ProjectConfigurationPlatforms) = postSolution
		{1775B6A5-4FBD-4C1C-8706-9EB7255D9250}.Debug|Any CPU.ActiveCfg = Debug|Any CPU
		{1775B6A5-4FBD-4C1C-8706-9EB7255D9250}.Debug|Any CPU.Build.0 = Debug|Any CPU
		{1775B6A5-4FBD-4C1C-8706-9EB7255D9250}.Debug|x64.ActiveCfg = Debug|Any CPU
		{1775B6A5-4FBD-4C1C-8706-9EB7255D9250}.Debug|x64.Build.0 = Debug|Any CPU
		{1775B6A5-4FBD-4C1C-8706-9EB7255D9250}.Debug|x86.ActiveCfg = Debug|Any CPU
		{1775B6A5-4FBD-4C1C-8706-9EB7255D9250}.Debug|x86.Build.0 = Debug|Any CPU
		{1775B6A5-4FBD-4C1C-8706-9EB7255D9250}.Release|Any CPU.ActiveCfg = Release|Any CPU
		{1775B6A5-4FBD-4C1C-8706-9EB7255D9250}.Release|Any CPU.Build.0 = Release|Any CPU
		{1775B6A5-4FBD-4C1C-8706-9EB7255D9250}.Release|x64.ActiveCfg = Release|Any CPU
		{1775B6A5-4FBD-4C1C-8706-9EB7255D9250}.Release|x64.Build.0 = Release|Any CPU
		{1775B6A5-4FBD-4C1C-8706-9EB7255D9250}.Release|x86.ActiveCfg = Release|Any CPU
		{1775B6A5-4FBD-4C1C-8706-9EB7255D9250}.Release|x86.Build.0 = Release|Any CPU
		{79B07CBA-306F-4751-B5C2-331BF43915BF}.Debug|Any CPU.ActiveCfg = Debug|Any CPU
		{79B07CBA-306F-4751-B5C2-331BF43915BF}.Debug|Any CPU.Build.0 = Debug|Any CPU
		{79B07CBA-306F-4751-B5C2-331BF43915BF}.Debug|x64.ActiveCfg = Debug|Any CPU
		{79B07CBA-306F-4751-B5C2-331BF43915BF}.Debug|x64.Build.0 = Debug|Any CPU
		{79B07CBA-306F-4751-B5C2-331BF43915BF}.Debug|x86.ActiveCfg = Debug|Any CPU
		{79B07CBA-306F-4751-B5C2-331BF43915BF}.Debug|x86.Build.0 = Debug|Any CPU
		{79B07CBA-306F-4751-B5C2-331BF43915BF}.Release|Any CPU.ActiveCfg = Release|Any CPU
		{79B07CBA-306F-4751-B5C2-331BF43915BF}.Release|Any CPU.Build.0 = Release|Any CPU
		{79B07CBA-306F-4751-B5C2-331BF43915BF}.Release|x64.ActiveCfg = Release|Any CPU
		{79B07CBA-306F-4751-B5C2-331BF43915BF}.Release|x64.Build.0 = Release|Any CPU
		{79B07CBA-306F-4751-B5C2-331BF43915BF}.Release|x86.ActiveCfg = Release|Any CPU
		{79B07CBA-306F-4751-B5C2-331BF43915BF}.Release|x86.Build.0 = Release|Any CPU
		{D90AF335-8E01-4C46-9ED5-C65ACB95A85D}.Debug|Any CPU.ActiveCfg = Debug|Any CPU
		{D90AF335-8E01-4C46-9ED5-C65ACB95A85D}.Debug|Any CPU.Build.0 = Debug|Any CPU
		{D90AF335-8E01-4C46-9ED5-C65ACB95A85D}.Debug|x64.ActiveCfg = Debug|Any CPU
		{D90AF335-8E01-4C46-9ED5-C65ACB95A85D}.Debug|x64.Build.0 = Debug|Any CPU
		{D90AF335-8E01-4C46-9ED5-C65ACB95A85D}.Debug|x86.ActiveCfg = Debug|Any CPU
		{D90AF335-8E01-4C46-9ED5-C65ACB95A85D}.Debug|x86.Build.0 = Debug|Any CPU
		{D90AF335-8E01-4C46-9ED5-C65ACB95A85D}.Release|Any CPU.ActiveCfg = Release|Any CPU
		{D90AF335-8E01-4C46-9ED5-C65ACB95A85D}.Release|Any CPU.Build.0 = Release|Any CPU
		{D90AF335-8E01-4C46-9ED5-C65ACB95A85D}.Release|x64.ActiveCfg = Release|Any CPU
		{D90AF335-8E01-4C46-9ED5-C65ACB95A85D}.Release|x64.Build.0 = Release|Any CPU
		{D90AF335-8E01-4C46-9ED5-C65ACB95A85D}.Release|x86.ActiveCfg = Release|Any CPU
		{D90AF335-8E01-4C46-9ED5-C65ACB95A85D}.Release|x86.Build.0 = Release|Any CPU
	EndGlobalSection
EndGlobal
