
Microsoft Visual Studio Solution File, Format Version 12.00
# Visual Studio 15
VisualStudioVersion = 15.0.26228.4
MinimumVisualStudioVersion = 10.0.40219.1
Project("{9A19103F-16F7-4668-BE54-9A1E7A4F7556}") = "Microsoft.Azure.Management.IotHub", "Microsoft.Azure.Management.IotHub\Microsoft.Azure.Management.IotHub.csproj", "{A8E725D2-3EDA-448E-A7A6-831B1C140EEC}"
EndProject
Project("{9A19103F-16F7-4668-BE54-9A1E7A4F7556}") = "IotHub.Tests", "IotHub.Tests\IotHub.Tests.csproj", "{DD48424F-23AE-4CAA-A8C6-78ED453201FF}"
EndProject
Global
	GlobalSection(SolutionConfigurationPlatforms) = preSolution
		Debug|Any CPU = Debug|Any CPU
		Release|Any CPU = Release|Any CPU
	EndGlobalSection
	GlobalSection(ProjectConfigurationPlatforms) = postSolution
		{A8E725D2-3EDA-448E-A7A6-831B1C140EEC}.Debug|Any CPU.ActiveCfg = Debug|Any CPU
		{A8E725D2-3EDA-448E-A7A6-831B1C140EEC}.Debug|Any CPU.Build.0 = Debug|Any CPU
		{A8E725D2-3EDA-448E-A7A6-831B1C140EEC}.Release|Any CPU.ActiveCfg = Release|Any CPU
		{A8E725D2-3EDA-448E-A7A6-831B1C140EEC}.Release|Any CPU.Build.0 = Release|Any CPU
		{DD48424F-23AE-4CAA-A8C6-78ED453201FF}.Debug|Any CPU.ActiveCfg = Debug|Any CPU
		{DD48424F-23AE-4CAA-A8C6-78ED453201FF}.Debug|Any CPU.Build.0 = Debug|Any CPU
		{DD48424F-23AE-4CAA-A8C6-78ED453201FF}.Release|Any CPU.ActiveCfg = Release|Any CPU
		{DD48424F-23AE-4CAA-A8C6-78ED453201FF}.Release|Any CPU.Build.0 = Release|Any CPU
	EndGlobalSection
	GlobalSection(SolutionProperties) = preSolution
		HideSolutionNode = FALSE
	EndGlobalSection
EndGlobal
