
Microsoft Visual Studio Solution File, Format Version 12.00
# Visual Studio 15
VisualStudioVersion = 15.0.26124.0
MinimumVisualStudioVersion = 15.0.26124.0
Project("{A7A2395A-F00B-4FAE-8271-38569A2F941A}") = "Azure.Management.Resources", "src\Azure.Management.Resources.csproj", "{702648AD-F126-470D-BE88-5043E189E102}"
EndProject
Project("{A7A2395A-F00B-4FAE-8271-38569A2F941A}") = "Azure.Management.Resources.Tests", "tests\Azure.Management.Resources.Tests.csproj", "{8F603350-192A-483C-9FB9-62FB12FB5ADA}"
EndProject
Global
	GlobalSection(SolutionConfigurationPlatforms) = preSolution
		Debug|Any CPU = Debug|Any CPU
		Debug|x64 = Debug|x64
		Debug|x86 = Debug|x86
		Release|Any CPU = Release|Any CPU
		Release|x64 = Release|x64
		Release|x86 = Release|x86
	EndGlobalSection
	GlobalSection(SolutionProperties) = preSolution
		HideSolutionNode = FALSE
	EndGlobalSection
	GlobalSection(ProjectConfigurationPlatforms) = postSolution
		{702648AD-F126-470D-BE88-5043E189E102}.Debug|Any CPU.ActiveCfg = Debug|Any CPU
		{702648AD-F126-470D-BE88-5043E189E102}.Debug|Any CPU.Build.0 = Debug|Any CPU
		{702648AD-F126-470D-BE88-5043E189E102}.Debug|x64.ActiveCfg = Debug|Any CPU
		{702648AD-F126-470D-BE88-5043E189E102}.Debug|x64.Build.0 = Debug|Any CPU
		{702648AD-F126-470D-BE88-5043E189E102}.Debug|x86.ActiveCfg = Debug|Any CPU
		{702648AD-F126-470D-BE88-5043E189E102}.Debug|x86.Build.0 = Debug|Any CPU
		{702648AD-F126-470D-BE88-5043E189E102}.Release|Any CPU.ActiveCfg = Release|Any CPU
		{702648AD-F126-470D-BE88-5043E189E102}.Release|Any CPU.Build.0 = Release|Any CPU
		{702648AD-F126-470D-BE88-5043E189E102}.Release|x64.ActiveCfg = Release|Any CPU
		{702648AD-F126-470D-BE88-5043E189E102}.Release|x64.Build.0 = Release|Any CPU
		{702648AD-F126-470D-BE88-5043E189E102}.Release|x86.ActiveCfg = Release|Any CPU
		{702648AD-F126-470D-BE88-5043E189E102}.Release|x86.Build.0 = Release|Any CPU
		{8F603350-192A-483C-9FB9-62FB12FB5ADA}.Debug|Any CPU.ActiveCfg = Debug|Any CPU
		{8F603350-192A-483C-9FB9-62FB12FB5ADA}.Debug|Any CPU.Build.0 = Debug|Any CPU
		{8F603350-192A-483C-9FB9-62FB12FB5ADA}.Debug|x64.ActiveCfg = Debug|Any CPU
		{8F603350-192A-483C-9FB9-62FB12FB5ADA}.Debug|x64.Build.0 = Debug|Any CPU
		{8F603350-192A-483C-9FB9-62FB12FB5ADA}.Debug|x86.ActiveCfg = Debug|Any CPU
		{8F603350-192A-483C-9FB9-62FB12FB5ADA}.Debug|x86.Build.0 = Debug|Any CPU
		{8F603350-192A-483C-9FB9-62FB12FB5ADA}.Release|Any CPU.ActiveCfg = Release|Any CPU
		{8F603350-192A-483C-9FB9-62FB12FB5ADA}.Release|Any CPU.Build.0 = Release|Any CPU
		{8F603350-192A-483C-9FB9-62FB12FB5ADA}.Release|x64.ActiveCfg = Release|Any CPU
		{8F603350-192A-483C-9FB9-62FB12FB5ADA}.Release|x64.Build.0 = Release|Any CPU
		{8F603350-192A-483C-9FB9-62FB12FB5ADA}.Release|x86.ActiveCfg = Release|Any CPU
		{8F603350-192A-483C-9FB9-62FB12FB5ADA}.Release|x86.Build.0 = Release|Any CPU
	EndGlobalSection
EndGlobal
