
Microsoft Visual Studio Solution File, Format Version 12.00
# Visual Studio Version 17
VisualStudioVersion = 17.0.32112.339
MinimumVisualStudioVersion = 10.0.40219.1
Project("{9A19103F-16F7-4668-BE54-9A1E7A4F7556}") = "EnumerateUpdates", "EnumerateUpdates\EnumerateUpdates.csproj", "{FD85603F-8722-4794-B983-3F75B0AF6709}"
EndProject
Project("{9A19103F-16F7-4668-BE54-9A1E7A4F7556}") = "DeleteUpdate", "DeleteUpdate\DeleteUpdate.csproj", "{8C2295A9-29E0-4E3D-AEBD-97056B919071}"
EndProject
Project("{9A19103F-16F7-4668-BE54-9A1E7A4F7556}") = "GetUpdate", "GetUpdate\GetUpdate.csproj", "{77682747-9C3E-447D-B4C0-AFB6308DCB7C}"
EndProject
Project("{9A19103F-16F7-4668-BE54-9A1E7A4F7556}") = "ImportUpdate", "ImportUpdate\ImportUpdate.csproj", "{CA546972-FB9A-4480-BA3A-50F0B978A5E1}"
EndProject
Project("{FAE04EC0-301F-11D3-BF4B-00C04F79EFBC}") = "DeployUpdate", "DeployUpdate\DeployUpdate.csproj", "{38795935-902A-4072-A047-D23418A4675A}"
EndProject
Project("{FAE04EC0-301F-11D3-BF4B-00C04F79EFBC}") = "GetDevice", "GetDevice\GetDevice.csproj", "{1F8A0D49-509C-4FF1-A0C7-A003F08F67AC}"
EndProject
Global
	GlobalSection(SolutionConfigurationPlatforms) = preSolution
		Debug|Any CPU = Debug|Any CPU
		Release|Any CPU = Release|Any CPU
	EndGlobalSection
	GlobalSection(ProjectConfigurationPlatforms) = postSolution
		{FD85603F-8722-4794-B983-3F75B0AF6709}.Debug|Any CPU.ActiveCfg = Debug|Any CPU
		{FD85603F-8722-4794-B983-3F75B0AF6709}.Debug|Any CPU.Build.0 = Debug|Any CPU
		{FD85603F-8722-4794-B983-3F75B0AF6709}.Release|Any CPU.ActiveCfg = Release|Any CPU
		{FD85603F-8722-4794-B983-3F75B0AF6709}.Release|Any CPU.Build.0 = Release|Any CPU
		{8C2295A9-29E0-4E3D-AEBD-97056B919071}.Debug|Any CPU.ActiveCfg = Debug|Any CPU
		{8C2295A9-29E0-4E3D-AEBD-97056B919071}.Debug|Any CPU.Build.0 = Debug|Any CPU
		{8C2295A9-29E0-4E3D-AEBD-97056B919071}.Release|Any CPU.ActiveCfg = Release|Any CPU
		{8C2295A9-29E0-4E3D-AEBD-97056B919071}.Release|Any CPU.Build.0 = Release|Any CPU
		{77682747-9C3E-447D-B4C0-AFB6308DCB7C}.Debug|Any CPU.ActiveCfg = Debug|Any CPU
		{77682747-9C3E-447D-B4C0-AFB6308DCB7C}.Debug|Any CPU.Build.0 = Debug|Any CPU
		{77682747-9C3E-447D-B4C0-AFB6308DCB7C}.Release|Any CPU.ActiveCfg = Release|Any CPU
		{77682747-9C3E-447D-B4C0-AFB6308DCB7C}.Release|Any CPU.Build.0 = Release|Any CPU
		{CA546972-FB9A-4480-BA3A-50F0B978A5E1}.Debug|Any CPU.ActiveCfg = Debug|Any CPU
		{CA546972-FB9A-4480-BA3A-50F0B978A5E1}.Debug|Any CPU.Build.0 = Debug|Any CPU
		{CA546972-FB9A-4480-BA3A-50F0B978A5E1}.Release|Any CPU.ActiveCfg = Release|Any CPU
		{CA546972-FB9A-4480-BA3A-50F0B978A5E1}.Release|Any CPU.Build.0 = Release|Any CPU
		{38795935-902A-4072-A047-D23418A4675A}.Debug|Any CPU.ActiveCfg = Debug|Any CPU
		{38795935-902A-4072-A047-D23418A4675A}.Debug|Any CPU.Build.0 = Debug|Any CPU
		{38795935-902A-4072-A047-D23418A4675A}.Release|Any CPU.ActiveCfg = Release|Any CPU
		{38795935-902A-4072-A047-D23418A4675A}.Release|Any CPU.Build.0 = Release|Any CPU
		{1F8A0D49-509C-4FF1-A0C7-A003F08F67AC}.Debug|Any CPU.ActiveCfg = Debug|Any CPU
		{1F8A0D49-509C-4FF1-A0C7-A003F08F67AC}.Debug|Any CPU.Build.0 = Debug|Any CPU
		{1F8A0D49-509C-4FF1-A0C7-A003F08F67AC}.Release|Any CPU.ActiveCfg = Release|Any CPU
		{1F8A0D49-509C-4FF1-A0C7-A003F08F67AC}.Release|Any CPU.Build.0 = Release|Any CPU
	EndGlobalSection
	GlobalSection(SolutionProperties) = preSolution
		HideSolutionNode = FALSE
	EndGlobalSection
	GlobalSection(ExtensibilityGlobals) = postSolution
		SolutionGuid = {9BC0509A-F6D4-45CA-A284-8351804DAE3F}
	EndGlobalSection
EndGlobal
