
Microsoft Visual Studio Solution File, Format Version 12.00
# Visual Studio 15
VisualStudioVersion = 15.0.26228.4
MinimumVisualStudioVersion = 10.0.40219.1
Project("{9A19103F-16F7-4668-BE54-9A1E7A4F7556}") = "Microsoft.Azure.Management.CognitiveServices.Tests", "tests\Microsoft.Azure.Management.CognitiveServices.Tests.csproj", "{091F3D34-8A9C-47A6-B814-0BF463930C34}"
EndProject
Project("{9A19103F-16F7-4668-BE54-9A1E7A4F7556}") = "Microsoft.Azure.Management.CognitiveServices", "src\Microsoft.Azure.Management.CognitiveServices.csproj", "{D1777016-E337-4430-9C6C-50FC1246C3B2}"
EndProject
Project("{FAE04EC0-301F-11D3-BF4B-00C04F79EFBC}") = "Microsoft.Azure.Test.HttpRecorder", "..\..\mgmtcommon\TestFramework\Microsoft.Azure.Test.HttpRecorder\Microsoft.Azure.Test.HttpRecorder.csproj", "{987A15AB-C7F2-4566-AEE2-FB7B9DF74879}"
EndProject
Project("{FAE04EC0-301F-11D3-BF4B-00C04F79EFBC}") = "Microsoft.Rest.ClientRuntime.Azure.TestFramework", "..\..\mgmtcommon\TestFramework\ClientRuntime.Azure.TestFramework\Microsoft.Rest.ClientRuntime.Azure.TestFramework.csproj", "{DFCD7FB4-FAD5-4010-A544-6A0921EE23CF}"
EndProject
Global
	GlobalSection(SolutionConfigurationPlatforms) = preSolution
		Debug|Any CPU = Debug|Any CPU
		Release|Any CPU = Release|Any CPU
	EndGlobalSection
	GlobalSection(ProjectConfigurationPlatforms) = postSolution
		{091F3D34-8A9C-47A6-B814-0BF463930C34}.Debug|Any CPU.ActiveCfg = Debug|Any CPU
		{091F3D34-8A9C-47A6-B814-0BF463930C34}.Debug|Any CPU.Build.0 = Debug|Any CPU
		{091F3D34-8A9C-47A6-B814-0BF463930C34}.Release|Any CPU.ActiveCfg = Release|Any CPU
		{091F3D34-8A9C-47A6-B814-0BF463930C34}.Release|Any CPU.Build.0 = Release|Any CPU
		{D1777016-E337-4430-9C6C-50FC1246C3B2}.Debug|Any CPU.ActiveCfg = Debug|Any CPU
		{D1777016-E337-4430-9C6C-50FC1246C3B2}.Debug|Any CPU.Build.0 = Debug|Any CPU
		{D1777016-E337-4430-9C6C-50FC1246C3B2}.Release|Any CPU.ActiveCfg = Release|Any CPU
		{D1777016-E337-4430-9C6C-50FC1246C3B2}.Release|Any CPU.Build.0 = Release|Any CPU
		{987A15AB-C7F2-4566-AEE2-FB7B9DF74879}.Debug|Any CPU.ActiveCfg = Debug|Any CPU
		{987A15AB-C7F2-4566-AEE2-FB7B9DF74879}.Debug|Any CPU.Build.0 = Debug|Any CPU
		{987A15AB-C7F2-4566-AEE2-FB7B9DF74879}.Release|Any CPU.ActiveCfg = Release|Any CPU
		{987A15AB-C7F2-4566-AEE2-FB7B9DF74879}.Release|Any CPU.Build.0 = Release|Any CPU
		{DFCD7FB4-FAD5-4010-A544-6A0921EE23CF}.Debug|Any CPU.ActiveCfg = Debug|Any CPU
		{DFCD7FB4-FAD5-4010-A544-6A0921EE23CF}.Debug|Any CPU.Build.0 = Debug|Any CPU
		{DFCD7FB4-FAD5-4010-A544-6A0921EE23CF}.Release|Any CPU.ActiveCfg = Release|Any CPU
		{DFCD7FB4-FAD5-4010-A544-6A0921EE23CF}.Release|Any CPU.Build.0 = Release|Any CPU
	EndGlobalSection
	GlobalSection(SolutionProperties) = preSolution
		HideSolutionNode = FALSE
	EndGlobalSection
EndGlobal
