
Microsoft Visual Studio Solution File, Format Version 12.00
# Visual Studio 15
VisualStudioVersion = 15.0.28307.1082
MinimumVisualStudioVersion = 10.0.40219.1
Project("{9A19103F-16F7-4668-BE54-9A1E7A4F7556}") = "Microsoft.Azure.Management.Marketplace", "src\Microsoft.Azure.Management.Marketplace.csproj", "{41CA1F27-8AD2-4D14-B39C-CB95A98533F1}"
EndProject
Project("{9A19103F-16F7-4668-BE54-9A1E7A4F7556}") = "Microsoft.Azure.Management.Marketplace.Tests", "tests\Microsoft.Azure.Management.Marketplace.Tests.csproj", "{70538696-4F2B-4918-B139-15B357AD61BF}"
EndProject
Project("{FAE04EC0-301F-11D3-BF4B-00C04F79EFBC}") = "Microsoft.Azure.Test.HttpRecorder", "..\..\mgmtcommon\TestFramework\Microsoft.Azure.Test.HttpRecorder\Microsoft.Azure.Test.HttpRecorder.csproj", "{88B9BF08-76C0-428F-86D5-77B588A32662}"
EndProject
Project("{FAE04EC0-301F-11D3-BF4B-00C04F79EFBC}") = "Microsoft.Rest.ClientRuntime.Azure.TestFramework", "..\..\mgmtcommon\TestFramework\ClientRuntime.Azure.TestFramework\Microsoft.Rest.ClientRuntime.Azure.TestFramework.csproj", "{5E1CC0FA-5213-4BF7-8ACD-8746E02512DB}"
EndProject
Global
	GlobalSection(SolutionConfigurationPlatforms) = preSolution
		Debug|Any CPU = Debug|Any CPU
		Release|Any CPU = Release|Any CPU
	EndGlobalSection
	GlobalSection(ProjectConfigurationPlatforms) = postSolution
		{41CA1F27-8AD2-4D14-B39C-CB95A98533F1}.Debug|Any CPU.ActiveCfg = Debug|Any CPU
		{41CA1F27-8AD2-4D14-B39C-CB95A98533F1}.Debug|Any CPU.Build.0 = Debug|Any CPU
		{41CA1F27-8AD2-4D14-B39C-CB95A98533F1}.Release|Any CPU.ActiveCfg = Release|Any CPU
		{41CA1F27-8AD2-4D14-B39C-CB95A98533F1}.Release|Any CPU.Build.0 = Release|Any CPU
		{70538696-4F2B-4918-B139-15B357AD61BF}.Debug|Any CPU.ActiveCfg = Debug|Any CPU
		{70538696-4F2B-4918-B139-15B357AD61BF}.Debug|Any CPU.Build.0 = Debug|Any CPU
		{70538696-4F2B-4918-B139-15B357AD61BF}.Release|Any CPU.ActiveCfg = Release|Any CPU
		{70538696-4F2B-4918-B139-15B357AD61BF}.Release|Any CPU.Build.0 = Release|Any CPU
		{88B9BF08-76C0-428F-86D5-77B588A32662}.Debug|Any CPU.ActiveCfg = Debug|Any CPU
		{88B9BF08-76C0-428F-86D5-77B588A32662}.Debug|Any CPU.Build.0 = Debug|Any CPU
		{88B9BF08-76C0-428F-86D5-77B588A32662}.Release|Any CPU.ActiveCfg = Release|Any CPU
		{88B9BF08-76C0-428F-86D5-77B588A32662}.Release|Any CPU.Build.0 = Release|Any CPU
		{5E1CC0FA-5213-4BF7-8ACD-8746E02512DB}.Debug|Any CPU.ActiveCfg = Debug|Any CPU
		{5E1CC0FA-5213-4BF7-8ACD-8746E02512DB}.Debug|Any CPU.Build.0 = Debug|Any CPU
		{5E1CC0FA-5213-4BF7-8ACD-8746E02512DB}.Release|Any CPU.ActiveCfg = Release|Any CPU
		{5E1CC0FA-5213-4BF7-8ACD-8746E02512DB}.Release|Any CPU.Build.0 = Release|Any CPU
	EndGlobalSection
	GlobalSection(SolutionProperties) = preSolution
		HideSolutionNode = FALSE
	EndGlobalSection
	GlobalSection(ExtensibilityGlobals) = postSolution
		SolutionGuid = {AD0135A5-5DBF-41A3-AD70-B4415ABC8A22}
	EndGlobalSection
EndGlobal
