
Microsoft Visual Studio Solution File, Format Version 12.00
# Visual Studio Version 17
VisualStudioVersion = 17.8.34408.163
MinimumVisualStudioVersion = 10.0.40219.1
Project("{9A19103F-16F7-4668-BE54-9A1E7A4F7556}") = "Azure.ResourceManager.SqlVirtualMachine", "src\Azure.ResourceManager.SqlVirtualMachine.csproj", "{B91CECD6-5AAE-4E03-B5E3-39D324BD1141}"
EndProject
Project("{9A19103F-16F7-4668-BE54-9A1E7A4F7556}") = "Azure.ResourceManager.SqlVirtualMachine.Tests", "tests\Azure.ResourceManager.SqlVirtualMachine.Tests.csproj", "{3A9E0776-313D-4E9D-AB84-674265FCBF9D}"
EndProject
Project("{9A19103F-16F7-4668-BE54-9A1E7A4F7556}") = "Azure.ResourceManager.SqlVirtualMachine.Samples", "samples\Azure.ResourceManager.SqlVirtualMachine.Samples.csproj", "{4F46EBA6-003C-488D-AABF-E7E681F82C0D}"
EndProject
Global
	GlobalSection(SolutionConfigurationPlatforms) = preSolution
		Debug|Any CPU = Debug|Any CPU
		Debug|x64 = Debug|x64
		Debug|x86 = Debug|x86
		Release|Any CPU = Release|Any CPU
		Release|x64 = Release|x64
		Release|x86 = Release|x86
	EndGlobalSection
	GlobalSection(ProjectConfigurationPlatforms) = postSolution
		{B91CECD6-5AAE-4E03-B5E3-39D324BD1141}.Debug|Any CPU.ActiveCfg = Debug|Any CPU
		{B91CECD6-5AAE-4E03-B5E3-39D324BD1141}.Debug|Any CPU.Build.0 = Debug|Any CPU
		{B91CECD6-5AAE-4E03-B5E3-39D324BD1141}.Debug|x64.ActiveCfg = Debug|Any CPU
		{B91CECD6-5AAE-4E03-B5E3-39D324BD1141}.Debug|x64.Build.0 = Debug|Any CPU
		{B91CECD6-5AAE-4E03-B5E3-39D324BD1141}.Debug|x86.ActiveCfg = Debug|Any CPU
		{B91CECD6-5AAE-4E03-B5E3-39D324BD1141}.Debug|x86.Build.0 = Debug|Any CPU
		{B91CECD6-5AAE-4E03-B5E3-39D324BD1141}.Release|Any CPU.ActiveCfg = Release|Any CPU
		{B91CECD6-5AAE-4E03-B5E3-39D324BD1141}.Release|Any CPU.Build.0 = Release|Any CPU
		{B91CECD6-5AAE-4E03-B5E3-39D324BD1141}.Release|x64.ActiveCfg = Release|Any CPU
		{B91CECD6-5AAE-4E03-B5E3-39D324BD1141}.Release|x64.Build.0 = Release|Any CPU
		{B91CECD6-5AAE-4E03-B5E3-39D324BD1141}.Release|x86.ActiveCfg = Release|Any CPU
		{B91CECD6-5AAE-4E03-B5E3-39D324BD1141}.Release|x86.Build.0 = Release|Any CPU
		{3A9E0776-313D-4E9D-AB84-674265FCBF9D}.Debug|Any CPU.ActiveCfg = Debug|Any CPU
		{3A9E0776-313D-4E9D-AB84-674265FCBF9D}.Debug|Any CPU.Build.0 = Debug|Any CPU
		{3A9E0776-313D-4E9D-AB84-674265FCBF9D}.Debug|x64.ActiveCfg = Debug|Any CPU
		{3A9E0776-313D-4E9D-AB84-674265FCBF9D}.Debug|x64.Build.0 = Debug|Any CPU
		{3A9E0776-313D-4E9D-AB84-674265FCBF9D}.Debug|x86.ActiveCfg = Debug|Any CPU
		{3A9E0776-313D-4E9D-AB84-674265FCBF9D}.Debug|x86.Build.0 = Debug|Any CPU
		{3A9E0776-313D-4E9D-AB84-674265FCBF9D}.Release|Any CPU.ActiveCfg = Release|Any CPU
		{3A9E0776-313D-4E9D-AB84-674265FCBF9D}.Release|Any CPU.Build.0 = Release|Any CPU
		{3A9E0776-313D-4E9D-AB84-674265FCBF9D}.Release|x64.ActiveCfg = Release|Any CPU
		{3A9E0776-313D-4E9D-AB84-674265FCBF9D}.Release|x64.Build.0 = Release|Any CPU
		{3A9E0776-313D-4E9D-AB84-674265FCBF9D}.Release|x86.ActiveCfg = Release|Any CPU
		{3A9E0776-313D-4E9D-AB84-674265FCBF9D}.Release|x86.Build.0 = Release|Any CPU
		{4F46EBA6-003C-488D-AABF-E7E681F82C0D}.Debug|Any CPU.ActiveCfg = Debug|Any CPU
		{4F46EBA6-003C-488D-AABF-E7E681F82C0D}.Debug|Any CPU.Build.0 = Debug|Any CPU
		{4F46EBA6-003C-488D-AABF-E7E681F82C0D}.Debug|x64.ActiveCfg = Debug|Any CPU
		{4F46EBA6-003C-488D-AABF-E7E681F82C0D}.Debug|x64.Build.0 = Debug|Any CPU
		{4F46EBA6-003C-488D-AABF-E7E681F82C0D}.Debug|x86.ActiveCfg = Debug|Any CPU
		{4F46EBA6-003C-488D-AABF-E7E681F82C0D}.Debug|x86.Build.0 = Debug|Any CPU
		{4F46EBA6-003C-488D-AABF-E7E681F82C0D}.Release|Any CPU.ActiveCfg = Release|Any CPU
		{4F46EBA6-003C-488D-AABF-E7E681F82C0D}.Release|Any CPU.Build.0 = Release|Any CPU
		{4F46EBA6-003C-488D-AABF-E7E681F82C0D}.Release|x64.ActiveCfg = Release|Any CPU
		{4F46EBA6-003C-488D-AABF-E7E681F82C0D}.Release|x64.Build.0 = Release|Any CPU
		{4F46EBA6-003C-488D-AABF-E7E681F82C0D}.Release|x86.ActiveCfg = Release|Any CPU
		{4F46EBA6-003C-488D-AABF-E7E681F82C0D}.Release|x86.Build.0 = Release|Any CPU
	EndGlobalSection
	GlobalSection(SolutionProperties) = preSolution
		HideSolutionNode = FALSE
	EndGlobalSection
	GlobalSection(ExtensibilityGlobals) = postSolution
		SolutionGuid = {14D18D6D-D9D0-47A5-8770-2D82C7D813CA}
	EndGlobalSection
EndGlobal
