
Microsoft Visual Studio Solution File, Format Version 12.00
# Visual Studio Version 17
VisualStudioVersion = 17.7.34031.279
MinimumVisualStudioVersion = 10.0.40219.1
Project("{9A19103F-16F7-4668-BE54-9A1E7A4F7556}") = "Azure.ResourceManager.Kusto", "src\Azure.ResourceManager.Kusto.csproj", "{5EBDF5A2-F6C4-4AF5-AEA0-F9DC47EE4345}"
EndProject
Project("{9A19103F-16F7-4668-BE54-9A1E7A4F7556}") = "Azure.ResourceManager.Kusto.Tests", "tests\Azure.ResourceManager.Kusto.Tests.csproj", "{B74A7ED3-325A-49C1-8878-439AA6CE0A98}"
EndProject
Project("{9A19103F-16F7-4668-BE54-9A1E7A4F7556}") = "Azure.ResourceManager.Kusto.Samples", "samples\Azure.ResourceManager.Kusto.Samples.csproj", "{450DC451-3EA0-4E51-B438-60AA05ECC630}"
EndProject
Global
	GlobalSection(SolutionConfigurationPlatforms) = preSolution
		Debug|Any CPU = Debug|Any CPU
		Debug|x64 = Debug|x64
		Debug|x86 = Debug|x86
		Release|Any CPU = Release|Any CPU
		Release|x64 = Release|x64
		Release|x86 = Release|x86
	EndGlobalSection
	GlobalSection(ProjectConfigurationPlatforms) = postSolution
		{5EBDF5A2-F6C4-4AF5-AEA0-F9DC47EE4345}.Debug|Any CPU.ActiveCfg = Debug|Any CPU
		{5EBDF5A2-F6C4-4AF5-AEA0-F9DC47EE4345}.Debug|Any CPU.Build.0 = Debug|Any CPU
		{5EBDF5A2-F6C4-4AF5-AEA0-F9DC47EE4345}.Debug|x64.ActiveCfg = Debug|Any CPU
		{5EBDF5A2-F6C4-4AF5-AEA0-F9DC47EE4345}.Debug|x64.Build.0 = Debug|Any CPU
		{5EBDF5A2-F6C4-4AF5-AEA0-F9DC47EE4345}.Debug|x86.ActiveCfg = Debug|Any CPU
		{5EBDF5A2-F6C4-4AF5-AEA0-F9DC47EE4345}.Debug|x86.Build.0 = Debug|Any CPU
		{5EBDF5A2-F6C4-4AF5-AEA0-F9DC47EE4345}.Release|Any CPU.ActiveCfg = Release|Any CPU
		{5EBDF5A2-F6C4-4AF5-AEA0-F9DC47EE4345}.Release|Any CPU.Build.0 = Release|Any CPU
		{5EBDF5A2-F6C4-4AF5-AEA0-F9DC47EE4345}.Release|x64.ActiveCfg = Release|Any CPU
		{5EBDF5A2-F6C4-4AF5-AEA0-F9DC47EE4345}.Release|x64.Build.0 = Release|Any CPU
		{5EBDF5A2-F6C4-4AF5-AEA0-F9DC47EE4345}.Release|x86.ActiveCfg = Release|Any CPU
		{5EBDF5A2-F6C4-4AF5-AEA0-F9DC47EE4345}.Release|x86.Build.0 = Release|Any CPU
		{B74A7ED3-325A-49C1-8878-439AA6CE0A98}.Debug|Any CPU.ActiveCfg = Debug|Any CPU
		{B74A7ED3-325A-49C1-8878-439AA6CE0A98}.Debug|Any CPU.Build.0 = Debug|Any CPU
		{B74A7ED3-325A-49C1-8878-439AA6CE0A98}.Debug|x64.ActiveCfg = Debug|Any CPU
		{B74A7ED3-325A-49C1-8878-439AA6CE0A98}.Debug|x64.Build.0 = Debug|Any CPU
		{B74A7ED3-325A-49C1-8878-439AA6CE0A98}.Debug|x86.ActiveCfg = Debug|Any CPU
		{B74A7ED3-325A-49C1-8878-439AA6CE0A98}.Debug|x86.Build.0 = Debug|Any CPU
		{B74A7ED3-325A-49C1-8878-439AA6CE0A98}.Release|Any CPU.ActiveCfg = Release|Any CPU
		{B74A7ED3-325A-49C1-8878-439AA6CE0A98}.Release|Any CPU.Build.0 = Release|Any CPU
		{B74A7ED3-325A-49C1-8878-439AA6CE0A98}.Release|x64.ActiveCfg = Release|Any CPU
		{B74A7ED3-325A-49C1-8878-439AA6CE0A98}.Release|x64.Build.0 = Release|Any CPU
		{B74A7ED3-325A-49C1-8878-439AA6CE0A98}.Release|x86.ActiveCfg = Release|Any CPU
		{B74A7ED3-325A-49C1-8878-439AA6CE0A98}.Release|x86.Build.0 = Release|Any CPU
		{450DC451-3EA0-4E51-B438-60AA05ECC630}.Debug|Any CPU.ActiveCfg = Debug|Any CPU
		{450DC451-3EA0-4E51-B438-60AA05ECC630}.Debug|Any CPU.Build.0 = Debug|Any CPU
		{450DC451-3EA0-4E51-B438-60AA05ECC630}.Debug|x64.ActiveCfg = Debug|Any CPU
		{450DC451-3EA0-4E51-B438-60AA05ECC630}.Debug|x64.Build.0 = Debug|Any CPU
		{450DC451-3EA0-4E51-B438-60AA05ECC630}.Debug|x86.ActiveCfg = Debug|Any CPU
		{450DC451-3EA0-4E51-B438-60AA05ECC630}.Debug|x86.Build.0 = Debug|Any CPU
		{450DC451-3EA0-4E51-B438-60AA05ECC630}.Release|Any CPU.ActiveCfg = Release|Any CPU
		{450DC451-3EA0-4E51-B438-60AA05ECC630}.Release|Any CPU.Build.0 = Release|Any CPU
		{450DC451-3EA0-4E51-B438-60AA05ECC630}.Release|x64.ActiveCfg = Release|Any CPU
		{450DC451-3EA0-4E51-B438-60AA05ECC630}.Release|x64.Build.0 = Release|Any CPU
		{450DC451-3EA0-4E51-B438-60AA05ECC630}.Release|x86.ActiveCfg = Release|Any CPU
		{450DC451-3EA0-4E51-B438-60AA05ECC630}.Release|x86.Build.0 = Release|Any CPU
	EndGlobalSection
	GlobalSection(SolutionProperties) = preSolution
		HideSolutionNode = FALSE
	EndGlobalSection
	GlobalSection(ExtensibilityGlobals) = postSolution
		SolutionGuid = {7352086A-3420-4369-A2A5-EC99ECA5A435}
	EndGlobalSection
EndGlobal
